// !$*UTF8*$!
{
	archiveVersion = 1;
	classes = {
	};
	objectVersion = 46;
	objects = {

/* Begin PBXBuildFile section */
		160D915318E98B0100198E1F /* WSMessageViewController.m in Sources */ = {isa = PBXBuildFile; fileRef = 160D915218E98B0100198E1F /* WSMessageViewController.m */; };
		160D915518E98B2000198E1F /* WSMessageStoryboard.storyboard in Resources */ = {isa = PBXBuildFile; fileRef = 160D915418E98B2000198E1F /* WSMessageStoryboard.storyboard */; };
		164D5C0A18ED431E002C82F2 /* WSParseDataManager.m in Sources */ = {isa = PBXBuildFile; fileRef = 164D5C0918ED431E002C82F2 /* WSParseDataManager.m */; };
		164D5C0D18ED53F0002C82F2 /* WSGlobalManager.m in Sources */ = {isa = PBXBuildFile; fileRef = 164D5C0C18ED53F0002C82F2 /* WSGlobalManager.m */; };
		164D5C1018ED5410002C82F2 /* WSUserModel.m in Sources */ = {isa = PBXBuildFile; fileRef = 164D5C0F18ED5410002C82F2 /* WSUserModel.m */; };
		164D5C5D18ED692A002C82F2 /* RECommonFunctions.m in Sources */ = {isa = PBXBuildFile; fileRef = 164D5C5818ED692A002C82F2 /* RECommonFunctions.m */; };
		164D5C5E18ED692A002C82F2 /* RESideMenu.m in Sources */ = {isa = PBXBuildFile; fileRef = 164D5C5A18ED692A002C82F2 /* RESideMenu.m */; };
		164D5C5F18ED692A002C82F2 /* UIViewController+RESideMenu.m in Sources */ = {isa = PBXBuildFile; fileRef = 164D5C5C18ED692A002C82F2 /* UIViewController+RESideMenu.m */; };
		164D5C6218ED7478002C82F2 /* WSLoginView.m in Sources */ = {isa = PBXBuildFile; fileRef = 164D5C6118ED7478002C82F2 /* WSLoginView.m */; };
		164D5C6418ED74C8002C82F2 /* WSLoginView.xib in Resources */ = {isa = PBXBuildFile; fileRef = 164D5C6318ED74C8002C82F2 /* WSLoginView.xib */; };
		164D5C6818ED7A30002C82F2 /* ZLUserDefalutHelper.m in Sources */ = {isa = PBXBuildFile; fileRef = 164D5C6718ED7A30002C82F2 /* ZLUserDefalutHelper.m */; };
		1672D0B618F3A5720076F90E /* CHANGELOG.md in Resources */ = {isa = PBXBuildFile; fileRef = 1672D0B218F3A5720076F90E /* CHANGELOG.md */; };
		1672D0B718F3A5720076F90E /* JSONKit.m in Sources */ = {isa = PBXBuildFile; fileRef = 1672D0B418F3A5720076F90E /* JSONKit.m */; settings = {COMPILER_FLAGS = "-fno-objc-arc"; }; };
		1672D0B818F3A5720076F90E /* README.md in Resources */ = {isa = PBXBuildFile; fileRef = 1672D0B518F3A5720076F90E /* README.md */; };
		1672D0BF18F3CB620076F90E /* 100.jpg in Resources */ = {isa = PBXBuildFile; fileRef = 1672D0BE18F3CB620076F90E /* 100.jpg */; };
		1672D0C118F3CBFF0076F90E /* 2.html in Resources */ = {isa = PBXBuildFile; fileRef = 1672D0C018F3CBFF0076F90E /* 2.html */; };
		1672D0C318F3D53E0076F90E /* 111.mp4 in Resources */ = {isa = PBXBuildFile; fileRef = 1672D0C218F3D4800076F90E /* 111.mp4 */; };
		16A89DD518F39D7500B398A3 /* QiniuPutPolicy.m in Sources */ = {isa = PBXBuildFile; fileRef = 16A89DD418F39D7500B398A3 /* QiniuPutPolicy.m */; };
		16A89DDF18F39E6300B398A3 /* GTMBase64.m in Sources */ = {isa = PBXBuildFile; fileRef = 16A89DD818F39E6300B398A3 /* GTMBase64.m */; settings = {COMPILER_FLAGS = "-fno-objc-arc"; }; };
		16AB585C18EEA29E003695EC /* WSUploadVideoViewController.m in Sources */ = {isa = PBXBuildFile; fileRef = 16AB585B18EEA29E003695EC /* WSUploadVideoViewController.m */; };
		16AB585E18EEA2F2003695EC /* WSUploadVideoStoryboard.storyboard in Resources */ = {isa = PBXBuildFile; fileRef = 16AB585D18EEA2F2003695EC /* WSUploadVideoStoryboard.storyboard */; };
		16AB7AD318ECF211001A208B /* WSHomeStoryboard.storyboard in Resources */ = {isa = PBXBuildFile; fileRef = 16AB7AD018ECF211001A208B /* WSHomeStoryboard.storyboard */; };
		16AB7AD418ECF211001A208B /* WSHomeViewController.m in Sources */ = {isa = PBXBuildFile; fileRef = 16AB7AD218ECF211001A208B /* WSHomeViewController.m */; };
		16AB7ADB18ECF23B001A208B /* WSLoginQQManager.m in Sources */ = {isa = PBXBuildFile; fileRef = 16AB7AD718ECF23B001A208B /* WSLoginQQManager.m */; };
		16AB7ADC18ECF23B001A208B /* WSLoginWrapper.m in Sources */ = {isa = PBXBuildFile; fileRef = 16AB7ADA18ECF23B001A208B /* WSLoginWrapper.m */; };
		16B6F88D18EC083F00609A3D /* TencentOpenApi_IOS_Bundle.bundle in Resources */ = {isa = PBXBuildFile; fileRef = 16B6F88B18EC083F00609A3D /* TencentOpenApi_IOS_Bundle.bundle */; };
		16B6F88E18EC083F00609A3D /* TencentOpenAPI.framework in Frameworks */ = {isa = PBXBuildFile; fileRef = 16B6F88C18EC083F00609A3D /* TencentOpenAPI.framework */; };
		16B6F89018EC087300609A3D /* libiconv.dylib in Frameworks */ = {isa = PBXBuildFile; fileRef = 16B6F88F18EC087300609A3D /* libiconv.dylib */; };
		16B6F89218EC089500609A3D /* libsqlite3.dylib in Frameworks */ = {isa = PBXBuildFile; fileRef = 16B6F89118EC089500609A3D /* libsqlite3.dylib */; };
		16B6F89418EC08A200609A3D /* CoreTelephony.framework in Frameworks */ = {isa = PBXBuildFile; fileRef = 16B6F89318EC08A200609A3D /* CoreTelephony.framework */; };
		16B6F89618EC08B200609A3D /* libstdc++.dylib in Frameworks */ = {isa = PBXBuildFile; fileRef = 16B6F89518EC08B200609A3D /* libstdc++.dylib */; };
		16B6F89718EC095800609A3D /* TencentOpenApi_IOS_Bundle.bundle in Frameworks */ = {isa = PBXBuildFile; fileRef = 16B6F88B18EC083F00609A3D /* TencentOpenApi_IOS_Bundle.bundle */; };
		16BDB5BE18E8FACB0019DF4D /* Foundation.framework in Frameworks */ = {isa = PBXBuildFile; fileRef = 16BDB5BD18E8FACB0019DF4D /* Foundation.framework */; };
		16BDB5C018E8FACB0019DF4D /* CoreGraphics.framework in Frameworks */ = {isa = PBXBuildFile; fileRef = 16BDB5BF18E8FACB0019DF4D /* CoreGraphics.framework */; };
		16BDB5C218E8FACB0019DF4D /* UIKit.framework in Frameworks */ = {isa = PBXBuildFile; fileRef = 16BDB5C118E8FACB0019DF4D /* UIKit.framework */; };
		16BDB5C818E8FACB0019DF4D /* InfoPlist.strings in Resources */ = {isa = PBXBuildFile; fileRef = 16BDB5C618E8FACB0019DF4D /* InfoPlist.strings */; };
		16BDB5CA18E8FACB0019DF4D /* main.m in Sources */ = {isa = PBXBuildFile; fileRef = 16BDB5C918E8FACB0019DF4D /* main.m */; };
		16BDB5CE18E8FACB0019DF4D /* AppDelegate.m in Sources */ = {isa = PBXBuildFile; fileRef = 16BDB5CD18E8FACB0019DF4D /* AppDelegate.m */; };
		16BDB5D018E8FACB0019DF4D /* Images.xcassets in Resources */ = {isa = PBXBuildFile; fileRef = 16BDB5CF18E8FACB0019DF4D /* Images.xcassets */; };
		16BDB5D718E8FACB0019DF4D /* XCTest.framework in Frameworks */ = {isa = PBXBuildFile; fileRef = 16BDB5D618E8FACB0019DF4D /* XCTest.framework */; };
		16BDB5D818E8FACB0019DF4D /* Foundation.framework in Frameworks */ = {isa = PBXBuildFile; fileRef = 16BDB5BD18E8FACB0019DF4D /* Foundation.framework */; };
		16BDB5D918E8FACB0019DF4D /* UIKit.framework in Frameworks */ = {isa = PBXBuildFile; fileRef = 16BDB5C118E8FACB0019DF4D /* UIKit.framework */; };
		16BDB5E118E8FACB0019DF4D /* InfoPlist.strings in Resources */ = {isa = PBXBuildFile; fileRef = 16BDB5DF18E8FACB0019DF4D /* InfoPlist.strings */; };
		16BDB5E318E8FACB0019DF4D /* WeSeeTests.m in Sources */ = {isa = PBXBuildFile; fileRef = 16BDB5E218E8FACB0019DF4D /* WeSeeTests.m */; };
		16BDB5F918E902030019DF4D /* File in Resources */ = {isa = PBXBuildFile; fileRef = 16BDB5EC18E902030019DF4D /* File */; };
		16BDB5FA18E902030019DF4D /* File in Resources */ = {isa = PBXBuildFile; fileRef = 16BDB5EE18E902030019DF4D /* File */; };
		16BDB5FB18E902030019DF4D /* File in Resources */ = {isa = PBXBuildFile; fileRef = 16BDB5F018E902030019DF4D /* File */; };
		16BDB5FC18E902030019DF4D /* File in Resources */ = {isa = PBXBuildFile; fileRef = 16BDB5F218E902030019DF4D /* File */; };
		16BDB5FD18E902030019DF4D /* File in Resources */ = {isa = PBXBuildFile; fileRef = 16BDB5F418E902030019DF4D /* File */; };
		16BDB5FE18E902030019DF4D /* File in Resources */ = {isa = PBXBuildFile; fileRef = 16BDB5F618E902030019DF4D /* File */; };
		16BDB5FF18E902030019DF4D /* File in Resources */ = {isa = PBXBuildFile; fileRef = 16BDB5F818E902030019DF4D /* File */; };
		16BDB60618E907F10019DF4D /* WSBaseViewController.m in Sources */ = {isa = PBXBuildFile; fileRef = 16BDB60518E907F10019DF4D /* WSBaseViewController.m */; };
		16BDB61218E912DA0019DF4D /* WSHotStoryboard.storyboard in Resources */ = {isa = PBXBuildFile; fileRef = 16BDB61118E912DA0019DF4D /* WSHotStoryboard.storyboard */; };
		16BDB61518E912EF0019DF4D /* WSHotViewController.m in Sources */ = {isa = PBXBuildFile; fileRef = 16BDB61418E912EF0019DF4D /* WSHotViewController.m */; };
		16BDB61818E913010019DF4D /* WSMeViewController.m in Sources */ = {isa = PBXBuildFile; fileRef = 16BDB61718E913010019DF4D /* WSMeViewController.m */; };
		16BDB61A18E913120019DF4D /* WSMeStoryboard.storyboard in Resources */ = {isa = PBXBuildFile; fileRef = 16BDB61918E913120019DF4D /* WSMeStoryboard.storyboard */; };
		16BDB61D18E91A850019DF4D /* WSBaseNavigationController.m in Sources */ = {isa = PBXBuildFile; fileRef = 16BDB61C18E91A850019DF4D /* WSBaseNavigationController.m */; };
		16BDB62018E91E230019DF4D /* WSRootViewController.m in Sources */ = {isa = PBXBuildFile; fileRef = 16BDB61F18E91E230019DF4D /* WSRootViewController.m */; };
		16BDB62718E943BD0019DF4D /* WSLeftStoryboard.storyboard in Resources */ = {isa = PBXBuildFile; fileRef = 16BDB62618E943BD0019DF4D /* WSLeftStoryboard.storyboard */; };
		16BDB62A18E943D70019DF4D /* WSLeftViewController.m in Sources */ = {isa = PBXBuildFile; fileRef = 16BDB62918E943D70019DF4D /* WSLeftViewController.m */; };
		16C4732718EAA9AA00370E73 /* Parse.framework in Frameworks */ = {isa = PBXBuildFile; fileRef = 16C4732618EAA9AA00370E73 /* Parse.framework */; };
		16C4732918EAA9E100370E73 /* AudioToolbox.framework in Frameworks */ = {isa = PBXBuildFile; fileRef = 16C4732818EAA9E100370E73 /* AudioToolbox.framework */; };
		16C4732B18EAA9EA00370E73 /* CFNetwork.framework in Frameworks */ = {isa = PBXBuildFile; fileRef = 16C4732A18EAA9EA00370E73 /* CFNetwork.framework */; };
		16C4732D18EAAA0300370E73 /* CoreLocation.framework in Frameworks */ = {isa = PBXBuildFile; fileRef = 16C4732C18EAAA0300370E73 /* CoreLocation.framework */; };
		16C4732F18EAAA0F00370E73 /* libz.dylib in Frameworks */ = {isa = PBXBuildFile; fileRef = 16C4732E18EAAA0F00370E73 /* libz.dylib */; };
		16C4733118EAAA1800370E73 /* MobileCoreServices.framework in Frameworks */ = {isa = PBXBuildFile; fileRef = 16C4733018EAAA1800370E73 /* MobileCoreServices.framework */; };
		16C4733318EAAA2500370E73 /* QuartzCore.framework in Frameworks */ = {isa = PBXBuildFile; fileRef = 16C4733218EAAA2500370E73 /* QuartzCore.framework */; };
		16C4733518EAAA2F00370E73 /* Security.framework in Frameworks */ = {isa = PBXBuildFile; fileRef = 16C4733418EAAA2F00370E73 /* Security.framework */; };
		16C4733718EAAA3900370E73 /* StoreKit.framework in Frameworks */ = {isa = PBXBuildFile; fileRef = 16C4733618EAAA3900370E73 /* StoreKit.framework */; };
		16C4733918EAAA4900370E73 /* SystemConfiguration.framework in Frameworks */ = {isa = PBXBuildFile; fileRef = 16C4733818EAAA4900370E73 /* SystemConfiguration.framework */; };
		16C4739518EAD8F100370E73 /* AFHTTPRequestOperation.m in Sources */ = {isa = PBXBuildFile; fileRef = 16C4737418EAD8F100370E73 /* AFHTTPRequestOperation.m */; };
		16C4739618EAD8F100370E73 /* AFHTTPRequestOperationManager.m in Sources */ = {isa = PBXBuildFile; fileRef = 16C4737618EAD8F100370E73 /* AFHTTPRequestOperationManager.m */; };
		16C4739718EAD8F100370E73 /* AFHTTPSessionManager.m in Sources */ = {isa = PBXBuildFile; fileRef = 16C4737818EAD8F100370E73 /* AFHTTPSessionManager.m */; };
		16C4739818EAD8F100370E73 /* AFNetworkReachabilityManager.m in Sources */ = {isa = PBXBuildFile; fileRef = 16C4737B18EAD8F100370E73 /* AFNetworkReachabilityManager.m */; };
		16C4739918EAD8F100370E73 /* AFSecurityPolicy.m in Sources */ = {isa = PBXBuildFile; fileRef = 16C4737D18EAD8F100370E73 /* AFSecurityPolicy.m */; };
		16C4739A18EAD8F100370E73 /* AFURLConnectionOperation.m in Sources */ = {isa = PBXBuildFile; fileRef = 16C4737F18EAD8F100370E73 /* AFURLConnectionOperation.m */; };
		16C4739B18EAD8F100370E73 /* AFURLRequestSerialization.m in Sources */ = {isa = PBXBuildFile; fileRef = 16C4738118EAD8F100370E73 /* AFURLRequestSerialization.m */; };
		16C4739C18EAD8F100370E73 /* AFURLResponseSerialization.m in Sources */ = {isa = PBXBuildFile; fileRef = 16C4738318EAD8F100370E73 /* AFURLResponseSerialization.m */; };
		16C4739D18EAD8F100370E73 /* AFURLSessionManager.m in Sources */ = {isa = PBXBuildFile; fileRef = 16C4738518EAD8F100370E73 /* AFURLSessionManager.m */; };
		16C4739E18EAD8F100370E73 /* QiniuBlkputRet.m in Sources */ = {isa = PBXBuildFile; fileRef = 16C4738718EAD8F100370E73 /* QiniuBlkputRet.m */; };
		16C4739F18EAD8F100370E73 /* QiniuHttpClient.m in Sources */ = {isa = PBXBuildFile; fileRef = 16C4738A18EAD8F100370E73 /* QiniuHttpClient.m */; };
		16C473A018EAD8F100370E73 /* QiniuResumableClient.m in Sources */ = {isa = PBXBuildFile; fileRef = 16C4738C18EAD8F100370E73 /* QiniuResumableClient.m */; };
		16C473A118EAD8F100370E73 /* QiniuResumableUploader.m in Sources */ = {isa = PBXBuildFile; fileRef = 16C4738E18EAD8F100370E73 /* QiniuResumableUploader.m */; };
		16C473A218EAD8F100370E73 /* QiniuSimpleUploader.m in Sources */ = {isa = PBXBuildFile; fileRef = 16C4739118EAD8F100370E73 /* QiniuSimpleUploader.m */; };
		16C473A318EAD8F100370E73 /* QiniuUtils.m in Sources */ = {isa = PBXBuildFile; fileRef = 16C4739418EAD8F100370E73 /* QiniuUtils.m */; };
		16C8328418ED0D51002788AE /* ZLParseHelper.m in Sources */ = {isa = PBXBuildFile; fileRef = 16C8328318ED0D51002788AE /* ZLParseHelper.m */; };
		16C8328718ED0DD3002788AE /* ParseForQuestion.m in Sources */ = {isa = PBXBuildFile; fileRef = 16C8328618ED0DD3002788AE /* ParseForQuestion.m */; };
		2A50363444434CC8929A0D32 /* libPods.a in Frameworks */ = {isa = PBXBuildFile; fileRef = 20397C2490C649E79C45EB11 /* libPods.a */; };
/* End PBXBuildFile section */

/* Begin PBXContainerItemProxy section */
		16BDB5DA18E8FACB0019DF4D /* PBXContainerItemProxy */ = {
			isa = PBXContainerItemProxy;
			containerPortal = 16BDB5B218E8FACB0019DF4D /* Project object */;
			proxyType = 1;
			remoteGlobalIDString = 16BDB5B918E8FACB0019DF4D;
			remoteInfo = WeSee;
		};
/* End PBXContainerItemProxy section */

/* Begin PBXFileReference section */
		160D915118E98B0100198E1F /* WSMessageViewController.h */ = {isa = PBXFileReference; fileEncoding = 4; lastKnownFileType = sourcecode.c.h; path = WSMessageViewController.h; sourceTree = "<group>"; };
		160D915218E98B0100198E1F /* WSMessageViewController.m */ = {isa = PBXFileReference; fileEncoding = 4; lastKnownFileType = sourcecode.c.objc; path = WSMessageViewController.m; sourceTree = "<group>"; };
		160D915418E98B2000198E1F /* WSMessageStoryboard.storyboard */ = {isa = PBXFileReference; fileEncoding = 4; lastKnownFileType = file.storyboard; path = WSMessageStoryboard.storyboard; sourceTree = "<group>"; };
		164D5C0818ED431E002C82F2 /* WSParseDataManager.h */ = {isa = PBXFileReference; fileEncoding = 4; lastKnownFileType = sourcecode.c.h; path = WSParseDataManager.h; sourceTree = "<group>"; };
		164D5C0918ED431E002C82F2 /* WSParseDataManager.m */ = {isa = PBXFileReference; fileEncoding = 4; lastKnownFileType = sourcecode.c.objc; path = WSParseDataManager.m; sourceTree = "<group>"; };
		164D5C0B18ED53F0002C82F2 /* WSGlobalManager.h */ = {isa = PBXFileReference; fileEncoding = 4; lastKnownFileType = sourcecode.c.h; path = WSGlobalManager.h; sourceTree = "<group>"; };
		164D5C0C18ED53F0002C82F2 /* WSGlobalManager.m */ = {isa = PBXFileReference; fileEncoding = 4; lastKnownFileType = sourcecode.c.objc; path = WSGlobalManager.m; sourceTree = "<group>"; };
		164D5C0E18ED5410002C82F2 /* WSUserModel.h */ = {isa = PBXFileReference; fileEncoding = 4; lastKnownFileType = sourcecode.c.h; path = WSUserModel.h; sourceTree = "<group>"; };
		164D5C0F18ED5410002C82F2 /* WSUserModel.m */ = {isa = PBXFileReference; fileEncoding = 4; lastKnownFileType = sourcecode.c.objc; path = WSUserModel.m; sourceTree = "<group>"; };
		164D5C5718ED692A002C82F2 /* RECommonFunctions.h */ = {isa = PBXFileReference; fileEncoding = 4; lastKnownFileType = sourcecode.c.h; path = RECommonFunctions.h; sourceTree = "<group>"; };
		164D5C5818ED692A002C82F2 /* RECommonFunctions.m */ = {isa = PBXFileReference; fileEncoding = 4; lastKnownFileType = sourcecode.c.objc; path = RECommonFunctions.m; sourceTree = "<group>"; };
		164D5C5918ED692A002C82F2 /* RESideMenu.h */ = {isa = PBXFileReference; fileEncoding = 4; lastKnownFileType = sourcecode.c.h; path = RESideMenu.h; sourceTree = "<group>"; };
		164D5C5A18ED692A002C82F2 /* RESideMenu.m */ = {isa = PBXFileReference; fileEncoding = 4; lastKnownFileType = sourcecode.c.objc; path = RESideMenu.m; sourceTree = "<group>"; };
		164D5C5B18ED692A002C82F2 /* UIViewController+RESideMenu.h */ = {isa = PBXFileReference; fileEncoding = 4; lastKnownFileType = sourcecode.c.h; path = "UIViewController+RESideMenu.h"; sourceTree = "<group>"; };
		164D5C5C18ED692A002C82F2 /* UIViewController+RESideMenu.m */ = {isa = PBXFileReference; fileEncoding = 4; lastKnownFileType = sourcecode.c.objc; path = "UIViewController+RESideMenu.m"; sourceTree = "<group>"; };
		164D5C6018ED7478002C82F2 /* WSLoginView.h */ = {isa = PBXFileReference; fileEncoding = 4; lastKnownFileType = sourcecode.c.h; path = WSLoginView.h; sourceTree = "<group>"; };
		164D5C6118ED7478002C82F2 /* WSLoginView.m */ = {isa = PBXFileReference; fileEncoding = 4; lastKnownFileType = sourcecode.c.objc; path = WSLoginView.m; sourceTree = "<group>"; };
		164D5C6318ED74C8002C82F2 /* WSLoginView.xib */ = {isa = PBXFileReference; fileEncoding = 4; lastKnownFileType = file.xib; path = WSLoginView.xib; sourceTree = "<group>"; };
		164D5C6518ED7818002C82F2 /* WSUserDefaultMacro.h */ = {isa = PBXFileReference; lastKnownFileType = sourcecode.c.h; path = WSUserDefaultMacro.h; sourceTree = "<group>"; };
		164D5C6618ED7A30002C82F2 /* ZLUserDefalutHelper.h */ = {isa = PBXFileReference; fileEncoding = 4; lastKnownFileType = sourcecode.c.h; path = ZLUserDefalutHelper.h; sourceTree = "<group>"; };
		164D5C6718ED7A30002C82F2 /* ZLUserDefalutHelper.m */ = {isa = PBXFileReference; fileEncoding = 4; lastKnownFileType = sourcecode.c.objc; path = ZLUserDefalutHelper.m; sourceTree = "<group>"; };
		164D5C6918ED7E6F002C82F2 /* WSUIMacro.h */ = {isa = PBXFileReference; lastKnownFileType = sourcecode.c.h; path = WSUIMacro.h; sourceTree = "<group>"; };
		1672D0B218F3A5720076F90E /* CHANGELOG.md */ = {isa = PBXFileReference; fileEncoding = 4; lastKnownFileType = text; path = CHANGELOG.md; sourceTree = "<group>"; };
		1672D0B318F3A5720076F90E /* JSONKit.h */ = {isa = PBXFileReference; fileEncoding = 4; lastKnownFileType = sourcecode.c.h; path = JSONKit.h; sourceTree = "<group>"; };
		1672D0B418F3A5720076F90E /* JSONKit.m */ = {isa = PBXFileReference; fileEncoding = 4; lastKnownFileType = sourcecode.c.objc; path = JSONKit.m; sourceTree = "<group>"; };
		1672D0B518F3A5720076F90E /* README.md */ = {isa = PBXFileReference; fileEncoding = 4; lastKnownFileType = text; path = README.md; sourceTree = "<group>"; };
		1672D0BE18F3CB620076F90E /* 100.jpg */ = {isa = PBXFileReference; lastKnownFileType = image.jpeg; path = 100.jpg; sourceTree = "<group>"; };
		1672D0C018F3CBFF0076F90E /* 2.html */ = {isa = PBXFileReference; fileEncoding = 4; lastKnownFileType = text.html; path = 2.html; sourceTree = "<group>"; };
		1672D0C218F3D4800076F90E /* 111.mp4 */ = {isa = PBXFileReference; lastKnownFileType = file; path = 111.mp4; sourceTree = "<group>"; };
		16A89DD318F39D7500B398A3 /* QiniuPutPolicy.h */ = {isa = PBXFileReference; fileEncoding = 4; lastKnownFileType = sourcecode.c.h; path = QiniuPutPolicy.h; sourceTree = "<group>"; };
		16A89DD418F39D7500B398A3 /* QiniuPutPolicy.m */ = {isa = PBXFileReference; fileEncoding = 4; lastKnownFileType = sourcecode.c.objc; path = QiniuPutPolicy.m; sourceTree = "<group>"; };
		16A89DD718F39E6300B398A3 /* GTMBase64.h */ = {isa = PBXFileReference; fileEncoding = 4; lastKnownFileType = sourcecode.c.h; path = GTMBase64.h; sourceTree = "<group>"; };
		16A89DD818F39E6300B398A3 /* GTMBase64.m */ = {isa = PBXFileReference; fileEncoding = 4; lastKnownFileType = sourcecode.c.objc; path = GTMBase64.m; sourceTree = "<group>"; };
		16A89DD918F39E6300B398A3 /* GTMDefines.h */ = {isa = PBXFileReference; fileEncoding = 4; lastKnownFileType = sourcecode.c.h; path = GTMDefines.h; sourceTree = "<group>"; };
		16AB585A18EEA29E003695EC /* WSUploadVideoViewController.h */ = {isa = PBXFileReference; fileEncoding = 4; lastKnownFileType = sourcecode.c.h; path = WSUploadVideoViewController.h; sourceTree = "<group>"; };
		16AB585B18EEA29E003695EC /* WSUploadVideoViewController.m */ = {isa = PBXFileReference; fileEncoding = 4; lastKnownFileType = sourcecode.c.objc; path = WSUploadVideoViewController.m; sourceTree = "<group>"; };
		16AB585D18EEA2F2003695EC /* WSUploadVideoStoryboard.storyboard */ = {isa = PBXFileReference; fileEncoding = 4; lastKnownFileType = file.storyboard; path = WSUploadVideoStoryboard.storyboard; sourceTree = "<group>"; };
		16AB7AD018ECF211001A208B /* WSHomeStoryboard.storyboard */ = {isa = PBXFileReference; fileEncoding = 4; lastKnownFileType = file.storyboard; path = WSHomeStoryboard.storyboard; sourceTree = "<group>"; };
		16AB7AD118ECF211001A208B /* WSHomeViewController.h */ = {isa = PBXFileReference; fileEncoding = 4; lastKnownFileType = sourcecode.c.h; path = WSHomeViewController.h; sourceTree = "<group>"; };
		16AB7AD218ECF211001A208B /* WSHomeViewController.m */ = {isa = PBXFileReference; fileEncoding = 4; lastKnownFileType = sourcecode.c.objc; path = WSHomeViewController.m; sourceTree = "<group>"; };
		16AB7AD618ECF23B001A208B /* WSLoginQQManager.h */ = {isa = PBXFileReference; fileEncoding = 4; lastKnownFileType = sourcecode.c.h; path = WSLoginQQManager.h; sourceTree = "<group>"; };
		16AB7AD718ECF23B001A208B /* WSLoginQQManager.m */ = {isa = PBXFileReference; fileEncoding = 4; lastKnownFileType = sourcecode.c.objc; path = WSLoginQQManager.m; sourceTree = "<group>"; };
		16AB7AD818ECF23B001A208B /* WSLoginTypedef.h */ = {isa = PBXFileReference; fileEncoding = 4; lastKnownFileType = sourcecode.c.h; path = WSLoginTypedef.h; sourceTree = "<group>"; };
		16AB7AD918ECF23B001A208B /* WSLoginWrapper.h */ = {isa = PBXFileReference; fileEncoding = 4; lastKnownFileType = sourcecode.c.h; path = WSLoginWrapper.h; sourceTree = "<group>"; };
		16AB7ADA18ECF23B001A208B /* WSLoginWrapper.m */ = {isa = PBXFileReference; fileEncoding = 4; lastKnownFileType = sourcecode.c.objc; path = WSLoginWrapper.m; sourceTree = "<group>"; };
		16B6F88B18EC083F00609A3D /* TencentOpenApi_IOS_Bundle.bundle */ = {isa = PBXFileReference; lastKnownFileType = "wrapper.plug-in"; path = TencentOpenApi_IOS_Bundle.bundle; sourceTree = "<group>"; };
		16B6F88C18EC083F00609A3D /* TencentOpenAPI.framework */ = {isa = PBXFileReference; lastKnownFileType = wrapper.framework; path = TencentOpenAPI.framework; sourceTree = "<group>"; };
		16B6F88F18EC087300609A3D /* libiconv.dylib */ = {isa = PBXFileReference; lastKnownFileType = "compiled.mach-o.dylib"; name = libiconv.dylib; path = usr/lib/libiconv.dylib; sourceTree = SDKROOT; };
		16B6F89118EC089500609A3D /* libsqlite3.dylib */ = {isa = PBXFileReference; lastKnownFileType = "compiled.mach-o.dylib"; name = libsqlite3.dylib; path = usr/lib/libsqlite3.dylib; sourceTree = SDKROOT; };
		16B6F89318EC08A200609A3D /* CoreTelephony.framework */ = {isa = PBXFileReference; lastKnownFileType = wrapper.framework; name = CoreTelephony.framework; path = System/Library/Frameworks/CoreTelephony.framework; sourceTree = SDKROOT; };
		16B6F89518EC08B200609A3D /* libstdc++.dylib */ = {isa = PBXFileReference; lastKnownFileType = "compiled.mach-o.dylib"; name = "libstdc++.dylib"; path = "usr/lib/libstdc++.dylib"; sourceTree = SDKROOT; };
		16BDB5BA18E8FACB0019DF4D /* WeSee.app */ = {isa = PBXFileReference; explicitFileType = wrapper.application; includeInIndex = 0; path = WeSee.app; sourceTree = BUILT_PRODUCTS_DIR; };
		16BDB5BD18E8FACB0019DF4D /* Foundation.framework */ = {isa = PBXFileReference; lastKnownFileType = wrapper.framework; name = Foundation.framework; path = System/Library/Frameworks/Foundation.framework; sourceTree = SDKROOT; };
		16BDB5BF18E8FACB0019DF4D /* CoreGraphics.framework */ = {isa = PBXFileReference; lastKnownFileType = wrapper.framework; name = CoreGraphics.framework; path = System/Library/Frameworks/CoreGraphics.framework; sourceTree = SDKROOT; };
		16BDB5C118E8FACB0019DF4D /* UIKit.framework */ = {isa = PBXFileReference; lastKnownFileType = wrapper.framework; name = UIKit.framework; path = System/Library/Frameworks/UIKit.framework; sourceTree = SDKROOT; };
		16BDB5C518E8FACB0019DF4D /* WeSee-Info.plist */ = {isa = PBXFileReference; lastKnownFileType = text.plist.xml; path = "WeSee-Info.plist"; sourceTree = "<group>"; };
		16BDB5C718E8FACB0019DF4D /* en */ = {isa = PBXFileReference; lastKnownFileType = text.plist.strings; name = en; path = en.lproj/InfoPlist.strings; sourceTree = "<group>"; };
		16BDB5C918E8FACB0019DF4D /* main.m */ = {isa = PBXFileReference; lastKnownFileType = sourcecode.c.objc; path = main.m; sourceTree = "<group>"; };
		16BDB5CB18E8FACB0019DF4D /* WeSee-Prefix.pch */ = {isa = PBXFileReference; lastKnownFileType = sourcecode.c.h; path = "WeSee-Prefix.pch"; sourceTree = "<group>"; };
		16BDB5CC18E8FACB0019DF4D /* AppDelegate.h */ = {isa = PBXFileReference; lastKnownFileType = sourcecode.c.h; path = AppDelegate.h; sourceTree = "<group>"; };
		16BDB5CD18E8FACB0019DF4D /* AppDelegate.m */ = {isa = PBXFileReference; lastKnownFileType = sourcecode.c.objc; path = AppDelegate.m; sourceTree = "<group>"; };
		16BDB5CF18E8FACB0019DF4D /* Images.xcassets */ = {isa = PBXFileReference; lastKnownFileType = folder.assetcatalog; path = Images.xcassets; sourceTree = "<group>"; };
		16BDB5D518E8FACB0019DF4D /* WeSeeTests.xctest */ = {isa = PBXFileReference; explicitFileType = wrapper.cfbundle; includeInIndex = 0; path = WeSeeTests.xctest; sourceTree = BUILT_PRODUCTS_DIR; };
		16BDB5D618E8FACB0019DF4D /* XCTest.framework */ = {isa = PBXFileReference; lastKnownFileType = wrapper.framework; name = XCTest.framework; path = Library/Frameworks/XCTest.framework; sourceTree = DEVELOPER_DIR; };
		16BDB5DE18E8FACB0019DF4D /* WeSeeTests-Info.plist */ = {isa = PBXFileReference; lastKnownFileType = text.plist.xml; path = "WeSeeTests-Info.plist"; sourceTree = "<group>"; };
		16BDB5E018E8FACB0019DF4D /* en */ = {isa = PBXFileReference; lastKnownFileType = text.plist.strings; name = en; path = en.lproj/InfoPlist.strings; sourceTree = "<group>"; };
		16BDB5E218E8FACB0019DF4D /* WeSeeTests.m */ = {isa = PBXFileReference; lastKnownFileType = sourcecode.c.objc; path = WeSeeTests.m; sourceTree = "<group>"; };
		16BDB5EC18E902030019DF4D /* File */ = {isa = PBXFileReference; fileEncoding = 4; lastKnownFileType = text; path = File; sourceTree = "<group>"; };
		16BDB5EE18E902030019DF4D /* File */ = {isa = PBXFileReference; fileEncoding = 4; lastKnownFileType = text; path = File; sourceTree = "<group>"; };
		16BDB5F018E902030019DF4D /* File */ = {isa = PBXFileReference; fileEncoding = 4; lastKnownFileType = text; path = File; sourceTree = "<group>"; };
		16BDB5F218E902030019DF4D /* File */ = {isa = PBXFileReference; fileEncoding = 4; lastKnownFileType = text; path = File; sourceTree = "<group>"; };
		16BDB5F418E902030019DF4D /* File */ = {isa = PBXFileReference; fileEncoding = 4; lastKnownFileType = text; path = File; sourceTree = "<group>"; };
		16BDB5F618E902030019DF4D /* File */ = {isa = PBXFileReference; fileEncoding = 4; lastKnownFileType = text; path = File; sourceTree = "<group>"; };
		16BDB5F818E902030019DF4D /* File */ = {isa = PBXFileReference; fileEncoding = 4; lastKnownFileType = text; path = File; sourceTree = "<group>"; };
		16BDB60418E907F10019DF4D /* WSBaseViewController.h */ = {isa = PBXFileReference; fileEncoding = 4; lastKnownFileType = sourcecode.c.h; path = WSBaseViewController.h; sourceTree = "<group>"; };
		16BDB60518E907F10019DF4D /* WSBaseViewController.m */ = {isa = PBXFileReference; fileEncoding = 4; lastKnownFileType = sourcecode.c.objc; path = WSBaseViewController.m; sourceTree = "<group>"; };
		16BDB61118E912DA0019DF4D /* WSHotStoryboard.storyboard */ = {isa = PBXFileReference; fileEncoding = 4; lastKnownFileType = file.storyboard; path = WSHotStoryboard.storyboard; sourceTree = "<group>"; };
		16BDB61318E912EF0019DF4D /* WSHotViewController.h */ = {isa = PBXFileReference; fileEncoding = 4; lastKnownFileType = sourcecode.c.h; path = WSHotViewController.h; sourceTree = "<group>"; };
		16BDB61418E912EF0019DF4D /* WSHotViewController.m */ = {isa = PBXFileReference; fileEncoding = 4; lastKnownFileType = sourcecode.c.objc; path = WSHotViewController.m; sourceTree = "<group>"; };
		16BDB61618E913010019DF4D /* WSMeViewController.h */ = {isa = PBXFileReference; fileEncoding = 4; lastKnownFileType = sourcecode.c.h; path = WSMeViewController.h; sourceTree = "<group>"; };
		16BDB61718E913010019DF4D /* WSMeViewController.m */ = {isa = PBXFileReference; fileEncoding = 4; lastKnownFileType = sourcecode.c.objc; path = WSMeViewController.m; sourceTree = "<group>"; };
		16BDB61918E913120019DF4D /* WSMeStoryboard.storyboard */ = {isa = PBXFileReference; fileEncoding = 4; lastKnownFileType = file.storyboard; path = WSMeStoryboard.storyboard; sourceTree = "<group>"; };
		16BDB61B18E91A850019DF4D /* WSBaseNavigationController.h */ = {isa = PBXFileReference; fileEncoding = 4; lastKnownFileType = sourcecode.c.h; path = WSBaseNavigationController.h; sourceTree = "<group>"; };
		16BDB61C18E91A850019DF4D /* WSBaseNavigationController.m */ = {isa = PBXFileReference; fileEncoding = 4; lastKnownFileType = sourcecode.c.objc; path = WSBaseNavigationController.m; sourceTree = "<group>"; };
		16BDB61E18E91E230019DF4D /* WSRootViewController.h */ = {isa = PBXFileReference; fileEncoding = 4; lastKnownFileType = sourcecode.c.h; name = WSRootViewController.h; path = ../../General/Controllers/WSRootViewController.h; sourceTree = "<group>"; };
		16BDB61F18E91E230019DF4D /* WSRootViewController.m */ = {isa = PBXFileReference; fileEncoding = 4; lastKnownFileType = sourcecode.c.objc; name = WSRootViewController.m; path = ../../General/Controllers/WSRootViewController.m; sourceTree = "<group>"; };
		16BDB62218E927A90019DF4D /* WSStoryboardMacro.h */ = {isa = PBXFileReference; lastKnownFileType = sourcecode.c.h; path = WSStoryboardMacro.h; sourceTree = "<group>"; };
		16BDB62618E943BD0019DF4D /* WSLeftStoryboard.storyboard */ = {isa = PBXFileReference; fileEncoding = 4; lastKnownFileType = file.storyboard; path = WSLeftStoryboard.storyboard; sourceTree = "<group>"; };
		16BDB62818E943D70019DF4D /* WSLeftViewController.h */ = {isa = PBXFileReference; fileEncoding = 4; lastKnownFileType = sourcecode.c.h; path = WSLeftViewController.h; sourceTree = "<group>"; };
		16BDB62918E943D70019DF4D /* WSLeftViewController.m */ = {isa = PBXFileReference; fileEncoding = 4; lastKnownFileType = sourcecode.c.objc; path = WSLeftViewController.m; sourceTree = "<group>"; };
		16C4732618EAA9AA00370E73 /* Parse.framework */ = {isa = PBXFileReference; lastKnownFileType = wrapper.framework; path = Parse.framework; sourceTree = "<group>"; };
		16C4732818EAA9E100370E73 /* AudioToolbox.framework */ = {isa = PBXFileReference; lastKnownFileType = wrapper.framework; name = AudioToolbox.framework; path = System/Library/Frameworks/AudioToolbox.framework; sourceTree = SDKROOT; };
		16C4732A18EAA9EA00370E73 /* CFNetwork.framework */ = {isa = PBXFileReference; lastKnownFileType = wrapper.framework; name = CFNetwork.framework; path = System/Library/Frameworks/CFNetwork.framework; sourceTree = SDKROOT; };
		16C4732C18EAAA0300370E73 /* CoreLocation.framework */ = {isa = PBXFileReference; lastKnownFileType = wrapper.framework; name = CoreLocation.framework; path = System/Library/Frameworks/CoreLocation.framework; sourceTree = SDKROOT; };
		16C4732E18EAAA0F00370E73 /* libz.dylib */ = {isa = PBXFileReference; lastKnownFileType = "compiled.mach-o.dylib"; name = libz.dylib; path = usr/lib/libz.dylib; sourceTree = SDKROOT; };
		16C4733018EAAA1800370E73 /* MobileCoreServices.framework */ = {isa = PBXFileReference; lastKnownFileType = wrapper.framework; name = MobileCoreServices.framework; path = System/Library/Frameworks/MobileCoreServices.framework; sourceTree = SDKROOT; };
		16C4733218EAAA2500370E73 /* QuartzCore.framework */ = {isa = PBXFileReference; lastKnownFileType = wrapper.framework; name = QuartzCore.framework; path = System/Library/Frameworks/QuartzCore.framework; sourceTree = SDKROOT; };
		16C4733418EAAA2F00370E73 /* Security.framework */ = {isa = PBXFileReference; lastKnownFileType = wrapper.framework; name = Security.framework; path = System/Library/Frameworks/Security.framework; sourceTree = SDKROOT; };
		16C4733618EAAA3900370E73 /* StoreKit.framework */ = {isa = PBXFileReference; lastKnownFileType = wrapper.framework; name = StoreKit.framework; path = System/Library/Frameworks/StoreKit.framework; sourceTree = SDKROOT; };
		16C4733818EAAA4900370E73 /* SystemConfiguration.framework */ = {isa = PBXFileReference; lastKnownFileType = wrapper.framework; name = SystemConfiguration.framework; path = System/Library/Frameworks/SystemConfiguration.framework; sourceTree = SDKROOT; };
		16C4737318EAD8F100370E73 /* AFHTTPRequestOperation.h */ = {isa = PBXFileReference; fileEncoding = 4; lastKnownFileType = sourcecode.c.h; path = AFHTTPRequestOperation.h; sourceTree = "<group>"; };
		16C4737418EAD8F100370E73 /* AFHTTPRequestOperation.m */ = {isa = PBXFileReference; fileEncoding = 4; lastKnownFileType = sourcecode.c.objc; path = AFHTTPRequestOperation.m; sourceTree = "<group>"; };
		16C4737518EAD8F100370E73 /* AFHTTPRequestOperationManager.h */ = {isa = PBXFileReference; fileEncoding = 4; lastKnownFileType = sourcecode.c.h; path = AFHTTPRequestOperationManager.h; sourceTree = "<group>"; };
		16C4737618EAD8F100370E73 /* AFHTTPRequestOperationManager.m */ = {isa = PBXFileReference; fileEncoding = 4; lastKnownFileType = sourcecode.c.objc; path = AFHTTPRequestOperationManager.m; sourceTree = "<group>"; };
		16C4737718EAD8F100370E73 /* AFHTTPSessionManager.h */ = {isa = PBXFileReference; fileEncoding = 4; lastKnownFileType = sourcecode.c.h; path = AFHTTPSessionManager.h; sourceTree = "<group>"; };
		16C4737818EAD8F100370E73 /* AFHTTPSessionManager.m */ = {isa = PBXFileReference; fileEncoding = 4; lastKnownFileType = sourcecode.c.objc; path = AFHTTPSessionManager.m; sourceTree = "<group>"; };
		16C4737918EAD8F100370E73 /* AFNetworking.h */ = {isa = PBXFileReference; fileEncoding = 4; lastKnownFileType = sourcecode.c.h; path = AFNetworking.h; sourceTree = "<group>"; };
		16C4737A18EAD8F100370E73 /* AFNetworkReachabilityManager.h */ = {isa = PBXFileReference; fileEncoding = 4; lastKnownFileType = sourcecode.c.h; path = AFNetworkReachabilityManager.h; sourceTree = "<group>"; };
		16C4737B18EAD8F100370E73 /* AFNetworkReachabilityManager.m */ = {isa = PBXFileReference; fileEncoding = 4; lastKnownFileType = sourcecode.c.objc; path = AFNetworkReachabilityManager.m; sourceTree = "<group>"; };
		16C4737C18EAD8F100370E73 /* AFSecurityPolicy.h */ = {isa = PBXFileReference; fileEncoding = 4; lastKnownFileType = sourcecode.c.h; path = AFSecurityPolicy.h; sourceTree = "<group>"; };
		16C4737D18EAD8F100370E73 /* AFSecurityPolicy.m */ = {isa = PBXFileReference; fileEncoding = 4; lastKnownFileType = sourcecode.c.objc; path = AFSecurityPolicy.m; sourceTree = "<group>"; };
		16C4737E18EAD8F100370E73 /* AFURLConnectionOperation.h */ = {isa = PBXFileReference; fileEncoding = 4; lastKnownFileType = sourcecode.c.h; path = AFURLConnectionOperation.h; sourceTree = "<group>"; };
		16C4737F18EAD8F100370E73 /* AFURLConnectionOperation.m */ = {isa = PBXFileReference; fileEncoding = 4; lastKnownFileType = sourcecode.c.objc; path = AFURLConnectionOperation.m; sourceTree = "<group>"; };
		16C4738018EAD8F100370E73 /* AFURLRequestSerialization.h */ = {isa = PBXFileReference; fileEncoding = 4; lastKnownFileType = sourcecode.c.h; path = AFURLRequestSerialization.h; sourceTree = "<group>"; };
		16C4738118EAD8F100370E73 /* AFURLRequestSerialization.m */ = {isa = PBXFileReference; fileEncoding = 4; lastKnownFileType = sourcecode.c.objc; path = AFURLRequestSerialization.m; sourceTree = "<group>"; };
		16C4738218EAD8F100370E73 /* AFURLResponseSerialization.h */ = {isa = PBXFileReference; fileEncoding = 4; lastKnownFileType = sourcecode.c.h; path = AFURLResponseSerialization.h; sourceTree = "<group>"; };
		16C4738318EAD8F100370E73 /* AFURLResponseSerialization.m */ = {isa = PBXFileReference; fileEncoding = 4; lastKnownFileType = sourcecode.c.objc; path = AFURLResponseSerialization.m; sourceTree = "<group>"; };
		16C4738418EAD8F100370E73 /* AFURLSessionManager.h */ = {isa = PBXFileReference; fileEncoding = 4; lastKnownFileType = sourcecode.c.h; path = AFURLSessionManager.h; sourceTree = "<group>"; };
		16C4738518EAD8F100370E73 /* AFURLSessionManager.m */ = {isa = PBXFileReference; fileEncoding = 4; lastKnownFileType = sourcecode.c.objc; path = AFURLSessionManager.m; sourceTree = "<group>"; };
		16C4738618EAD8F100370E73 /* QiniuBlkputRet.h */ = {isa = PBXFileReference; fileEncoding = 4; lastKnownFileType = sourcecode.c.h; path = QiniuBlkputRet.h; sourceTree = "<group>"; };
		16C4738718EAD8F100370E73 /* QiniuBlkputRet.m */ = {isa = PBXFileReference; fileEncoding = 4; lastKnownFileType = sourcecode.c.objc; path = QiniuBlkputRet.m; sourceTree = "<group>"; };
		16C4738818EAD8F100370E73 /* QiniuConfig.h */ = {isa = PBXFileReference; fileEncoding = 4; lastKnownFileType = sourcecode.c.h; path = QiniuConfig.h; sourceTree = "<group>"; };
		16C4738918EAD8F100370E73 /* QiniuHttpClient.h */ = {isa = PBXFileReference; fileEncoding = 4; lastKnownFileType = sourcecode.c.h; path = QiniuHttpClient.h; sourceTree = "<group>"; };
		16C4738A18EAD8F100370E73 /* QiniuHttpClient.m */ = {isa = PBXFileReference; fileEncoding = 4; lastKnownFileType = sourcecode.c.objc; path = QiniuHttpClient.m; sourceTree = "<group>"; };
		16C4738B18EAD8F100370E73 /* QiniuResumableClient.h */ = {isa = PBXFileReference; fileEncoding = 4; lastKnownFileType = sourcecode.c.h; path = QiniuResumableClient.h; sourceTree = "<group>"; };
		16C4738C18EAD8F100370E73 /* QiniuResumableClient.m */ = {isa = PBXFileReference; fileEncoding = 4; lastKnownFileType = sourcecode.c.objc; path = QiniuResumableClient.m; sourceTree = "<group>"; };
		16C4738D18EAD8F100370E73 /* QiniuResumableUploader.h */ = {isa = PBXFileReference; fileEncoding = 4; lastKnownFileType = sourcecode.c.h; path = QiniuResumableUploader.h; sourceTree = "<group>"; };
		16C4738E18EAD8F100370E73 /* QiniuResumableUploader.m */ = {isa = PBXFileReference; fileEncoding = 4; lastKnownFileType = sourcecode.c.objc; path = QiniuResumableUploader.m; sourceTree = "<group>"; };
		16C4738F18EAD8F100370E73 /* QiniuSDK-Prefix.pch */ = {isa = PBXFileReference; fileEncoding = 4; lastKnownFileType = sourcecode.c.h; path = "QiniuSDK-Prefix.pch"; sourceTree = "<group>"; };
		16C4739018EAD8F100370E73 /* QiniuSimpleUploader.h */ = {isa = PBXFileReference; fileEncoding = 4; lastKnownFileType = sourcecode.c.h; path = QiniuSimpleUploader.h; sourceTree = "<group>"; };
		16C4739118EAD8F100370E73 /* QiniuSimpleUploader.m */ = {isa = PBXFileReference; fileEncoding = 4; lastKnownFileType = sourcecode.c.objc; path = QiniuSimpleUploader.m; sourceTree = "<group>"; };
		16C4739218EAD8F100370E73 /* QiniuUploadDelegate.h */ = {isa = PBXFileReference; fileEncoding = 4; lastKnownFileType = sourcecode.c.h; path = QiniuUploadDelegate.h; sourceTree = "<group>"; };
		16C4739318EAD8F100370E73 /* QiniuUtils.h */ = {isa = PBXFileReference; fileEncoding = 4; lastKnownFileType = sourcecode.c.h; path = QiniuUtils.h; sourceTree = "<group>"; };
		16C4739418EAD8F100370E73 /* QiniuUtils.m */ = {isa = PBXFileReference; fileEncoding = 4; lastKnownFileType = sourcecode.c.objc; path = QiniuUtils.m; sourceTree = "<group>"; };
		16C473A418EADA1700370E73 /* ThirdPartyConfigMacro.h */ = {isa = PBXFileReference; lastKnownFileType = sourcecode.c.h; path = ThirdPartyConfigMacro.h; sourceTree = "<group>"; };
		16C8328218ED0D51002788AE /* ZLParseHelper.h */ = {isa = PBXFileReference; fileEncoding = 4; lastKnownFileType = sourcecode.c.h; path = ZLParseHelper.h; sourceTree = "<group>"; };
		16C8328318ED0D51002788AE /* ZLParseHelper.m */ = {isa = PBXFileReference; fileEncoding = 4; lastKnownFileType = sourcecode.c.objc; path = ZLParseHelper.m; sourceTree = "<group>"; };
		16C8328518ED0DD3002788AE /* ParseForQuestion.h */ = {isa = PBXFileReference; fileEncoding = 4; lastKnownFileType = sourcecode.c.h; path = ParseForQuestion.h; sourceTree = "<group>"; };
		16C8328618ED0DD3002788AE /* ParseForQuestion.m */ = {isa = PBXFileReference; fileEncoding = 4; lastKnownFileType = sourcecode.c.objc; path = ParseForQuestion.m; sourceTree = "<group>"; };
		20397C2490C649E79C45EB11 /* libPods.a */ = {isa = PBXFileReference; explicitFileType = archive.ar; includeInIndex = 0; path = libPods.a; sourceTree = BUILT_PRODUCTS_DIR; };
		634AA486C7794350AEA934A6 /* Pods.xcconfig */ = {isa = PBXFileReference; includeInIndex = 1; lastKnownFileType = text.xcconfig; name = Pods.xcconfig; path = Pods/Pods.xcconfig; sourceTree = "<group>"; };
/* End PBXFileReference section */

/* Begin PBXFrameworksBuildPhase section */
		16BDB5B718E8FACB0019DF4D /* Frameworks */ = {
			isa = PBXFrameworksBuildPhase;
			buildActionMask = 2147483647;
			files = (
				16B6F89718EC095800609A3D /* TencentOpenApi_IOS_Bundle.bundle in Frameworks */,
				16C4732F18EAAA0F00370E73 /* libz.dylib in Frameworks */,
				16B6F89618EC08B200609A3D /* libstdc++.dylib in Frameworks */,
				16B6F89418EC08A200609A3D /* CoreTelephony.framework in Frameworks */,
				16B6F89218EC089500609A3D /* libsqlite3.dylib in Frameworks */,
				16B6F89018EC087300609A3D /* libiconv.dylib in Frameworks */,
				16C4733918EAAA4900370E73 /* SystemConfiguration.framework in Frameworks */,
				16C4733718EAAA3900370E73 /* StoreKit.framework in Frameworks */,
				16C4733518EAAA2F00370E73 /* Security.framework in Frameworks */,
				16C4733318EAAA2500370E73 /* QuartzCore.framework in Frameworks */,
				16C4733118EAAA1800370E73 /* MobileCoreServices.framework in Frameworks */,
				16C4732D18EAAA0300370E73 /* CoreLocation.framework in Frameworks */,
				16BDB5C018E8FACB0019DF4D /* CoreGraphics.framework in Frameworks */,
				16C4732B18EAA9EA00370E73 /* CFNetwork.framework in Frameworks */,
				16C4732918EAA9E100370E73 /* AudioToolbox.framework in Frameworks */,
				16B6F88E18EC083F00609A3D /* TencentOpenAPI.framework in Frameworks */,
				16BDB5C218E8FACB0019DF4D /* UIKit.framework in Frameworks */,
				16BDB5BE18E8FACB0019DF4D /* Foundation.framework in Frameworks */,
				2A50363444434CC8929A0D32 /* libPods.a in Frameworks */,
				16C4732718EAA9AA00370E73 /* Parse.framework in Frameworks */,
			);
			runOnlyForDeploymentPostprocessing = 0;
		};
		16BDB5D218E8FACB0019DF4D /* Frameworks */ = {
			isa = PBXFrameworksBuildPhase;
			buildActionMask = 2147483647;
			files = (
				16BDB5D718E8FACB0019DF4D /* XCTest.framework in Frameworks */,
				16BDB5D918E8FACB0019DF4D /* UIKit.framework in Frameworks */,
				16BDB5D818E8FACB0019DF4D /* Foundation.framework in Frameworks */,
			);
			runOnlyForDeploymentPostprocessing = 0;
		};
/* End PBXFrameworksBuildPhase section */

/* Begin PBXGroup section */
		160D915018E98AE300198E1F /* Message */ = {
			isa = PBXGroup;
			children = (
				160D915118E98B0100198E1F /* WSMessageViewController.h */,
				160D915218E98B0100198E1F /* WSMessageViewController.m */,
				160D915418E98B2000198E1F /* WSMessageStoryboard.storyboard */,
			);
			path = Message;
			sourceTree = "<group>";
		};
		164D5C5618ED692A002C82F2 /* RESideMenu */ = {
			isa = PBXGroup;
			children = (
				164D5C5718ED692A002C82F2 /* RECommonFunctions.h */,
				164D5C5818ED692A002C82F2 /* RECommonFunctions.m */,
				164D5C5918ED692A002C82F2 /* RESideMenu.h */,
				164D5C5A18ED692A002C82F2 /* RESideMenu.m */,
				164D5C5B18ED692A002C82F2 /* UIViewController+RESideMenu.h */,
				164D5C5C18ED692A002C82F2 /* UIViewController+RESideMenu.m */,
			);
			path = RESideMenu;
			sourceTree = "<group>";
		};
		1672D0B118F3A5720076F90E /* JSONKit */ = {
			isa = PBXGroup;
			children = (
				1672D0B218F3A5720076F90E /* CHANGELOG.md */,
				1672D0B318F3A5720076F90E /* JSONKit.h */,
				1672D0B418F3A5720076F90E /* JSONKit.m */,
				1672D0B518F3A5720076F90E /* README.md */,
			);
			path = JSONKit;
			sourceTree = "<group>";
		};
		16A89DD618F39E6300B398A3 /* GTMBase64 */ = {
			isa = PBXGroup;
			children = (
				16A89DD718F39E6300B398A3 /* GTMBase64.h */,
				16A89DD818F39E6300B398A3 /* GTMBase64.m */,
				16A89DD918F39E6300B398A3 /* GTMDefines.h */,
			);
			path = GTMBase64;
			sourceTree = "<group>";
		};
		16AB585918EEA261003695EC /* upload */ = {
			isa = PBXGroup;
			children = (
				16AB585A18EEA29E003695EC /* WSUploadVideoViewController.h */,
				16AB585B18EEA29E003695EC /* WSUploadVideoViewController.m */,
				16AB585D18EEA2F2003695EC /* WSUploadVideoStoryboard.storyboard */,
			);
			path = upload;
			sourceTree = "<group>";
		};
		16AB7ACF18ECF211001A208B /* Home */ = {
			isa = PBXGroup;
			children = (
				16AB7AD018ECF211001A208B /* WSHomeStoryboard.storyboard */,
				16AB7AD118ECF211001A208B /* WSHomeViewController.h */,
				16AB7AD218ECF211001A208B /* WSHomeViewController.m */,
			);
			path = Home;
			sourceTree = "<group>";
		};
		16AB7AD518ECF23B001A208B /* Login */ = {
			isa = PBXGroup;
			children = (
				16AB7AD918ECF23B001A208B /* WSLoginWrapper.h */,
				16AB7ADA18ECF23B001A208B /* WSLoginWrapper.m */,
				16AB7AD618ECF23B001A208B /* WSLoginQQManager.h */,
				16AB7AD718ECF23B001A208B /* WSLoginQQManager.m */,
				16AB7AD818ECF23B001A208B /* WSLoginTypedef.h */,
				164D5C6018ED7478002C82F2 /* WSLoginView.h */,
				164D5C6118ED7478002C82F2 /* WSLoginView.m */,
				164D5C6318ED74C8002C82F2 /* WSLoginView.xib */,
			);
			path = Login;
			sourceTree = "<group>";
		};
		16BDB5B118E8FACB0019DF4D = {
			isa = PBXGroup;
			children = (
				16BDB5C318E8FACB0019DF4D /* WeSee */,
				16BDB5DC18E8FACB0019DF4D /* WeSeeTests */,
				16BDB5BC18E8FACB0019DF4D /* Frameworks */,
				16BDB5BB18E8FACB0019DF4D /* Products */,
				634AA486C7794350AEA934A6 /* Pods.xcconfig */,
			);
			sourceTree = "<group>";
		};
		16BDB5BB18E8FACB0019DF4D /* Products */ = {
			isa = PBXGroup;
			children = (
				16BDB5BA18E8FACB0019DF4D /* WeSee.app */,
				16BDB5D518E8FACB0019DF4D /* WeSeeTests.xctest */,
			);
			name = Products;
			sourceTree = "<group>";
		};
		16BDB5BC18E8FACB0019DF4D /* Frameworks */ = {
			isa = PBXGroup;
			children = (
				16B6F89518EC08B200609A3D /* libstdc++.dylib */,
				16B6F89318EC08A200609A3D /* CoreTelephony.framework */,
				16B6F89118EC089500609A3D /* libsqlite3.dylib */,
				16B6F88F18EC087300609A3D /* libiconv.dylib */,
				16B6F88B18EC083F00609A3D /* TencentOpenApi_IOS_Bundle.bundle */,
				16B6F88C18EC083F00609A3D /* TencentOpenAPI.framework */,
				16C4733818EAAA4900370E73 /* SystemConfiguration.framework */,
				16C4733618EAAA3900370E73 /* StoreKit.framework */,
				16C4733418EAAA2F00370E73 /* Security.framework */,
				16C4733218EAAA2500370E73 /* QuartzCore.framework */,
				16C4733018EAAA1800370E73 /* MobileCoreServices.framework */,
				16C4732E18EAAA0F00370E73 /* libz.dylib */,
				16C4732C18EAAA0300370E73 /* CoreLocation.framework */,
				16C4732A18EAA9EA00370E73 /* CFNetwork.framework */,
				16C4732818EAA9E100370E73 /* AudioToolbox.framework */,
				16C4732618EAA9AA00370E73 /* Parse.framework */,
				16BDB5BD18E8FACB0019DF4D /* Foundation.framework */,
				16BDB5BF18E8FACB0019DF4D /* CoreGraphics.framework */,
				16BDB5C118E8FACB0019DF4D /* UIKit.framework */,
				16BDB5D618E8FACB0019DF4D /* XCTest.framework */,
				20397C2490C649E79C45EB11 /* libPods.a */,
			);
			name = Frameworks;
			sourceTree = "<group>";
		};
		16BDB5C318E8FACB0019DF4D /* WeSee */ = {
			isa = PBXGroup;
			children = (
				16BDB60018E907220019DF4D /* Classes */,
				16BDB5EC18E902030019DF4D /* File */,
				16BDB5ED18E902030019DF4D /* General */,
				16BDB5EF18E902030019DF4D /* Helpers */,
				16BDB5F118E902030019DF4D /* Macro */,
				16BDB5F318E902030019DF4D /* Models */,
				16BDB5F518E902030019DF4D /* Sections */,
				16BDB5F718E902030019DF4D /* Vendors */,
				16BDB5CC18E8FACB0019DF4D /* AppDelegate.h */,
				16BDB5CD18E8FACB0019DF4D /* AppDelegate.m */,
				16BDB5CF18E8FACB0019DF4D /* Images.xcassets */,
				16BDB5C418E8FACB0019DF4D /* Supporting Files */,
			);
			path = WeSee;
			sourceTree = "<group>";
		};
		16BDB5C418E8FACB0019DF4D /* Supporting Files */ = {
			isa = PBXGroup;
			children = (
				1672D0C218F3D4800076F90E /* 111.mp4 */,
				1672D0C018F3CBFF0076F90E /* 2.html */,
				1672D0BE18F3CB620076F90E /* 100.jpg */,
				16BDB5C518E8FACB0019DF4D /* WeSee-Info.plist */,
				16BDB5C618E8FACB0019DF4D /* InfoPlist.strings */,
				16BDB5C918E8FACB0019DF4D /* main.m */,
				16BDB5CB18E8FACB0019DF4D /* WeSee-Prefix.pch */,
			);
			name = "Supporting Files";
			sourceTree = "<group>";
		};
		16BDB5DC18E8FACB0019DF4D /* WeSeeTests */ = {
			isa = PBXGroup;
			children = (
				16BDB5E218E8FACB0019DF4D /* WeSeeTests.m */,
				16BDB5DD18E8FACB0019DF4D /* Supporting Files */,
			);
			path = WeSeeTests;
			sourceTree = "<group>";
		};
		16BDB5DD18E8FACB0019DF4D /* Supporting Files */ = {
			isa = PBXGroup;
			children = (
				16BDB5DE18E8FACB0019DF4D /* WeSeeTests-Info.plist */,
				16BDB5DF18E8FACB0019DF4D /* InfoPlist.strings */,
			);
			name = "Supporting Files";
			sourceTree = "<group>";
		};
		16BDB5ED18E902030019DF4D /* General */ = {
			isa = PBXGroup;
			children = (
				16BDB60118E907AB0019DF4D /* Categories */,
				16BDB60218E907AB0019DF4D /* Controllers */,
				16BDB60318E907AB0019DF4D /* Views */,
				16BDB5EE18E902030019DF4D /* File */,
			);
			path = General;
			sourceTree = "<group>";
		};
		16BDB5EF18E902030019DF4D /* Helpers */ = {
			isa = PBXGroup;
			children = (
				16BDB5F018E902030019DF4D /* File */,
				16C8328518ED0DD3002788AE /* ParseForQuestion.h */,
				16C8328618ED0DD3002788AE /* ParseForQuestion.m */,
				16C8328218ED0D51002788AE /* ZLParseHelper.h */,
				16C8328318ED0D51002788AE /* ZLParseHelper.m */,
				164D5C0818ED431E002C82F2 /* WSParseDataManager.h */,
				164D5C0918ED431E002C82F2 /* WSParseDataManager.m */,
				164D5C0B18ED53F0002C82F2 /* WSGlobalManager.h */,
				164D5C0C18ED53F0002C82F2 /* WSGlobalManager.m */,
				164D5C6618ED7A30002C82F2 /* ZLUserDefalutHelper.h */,
				164D5C6718ED7A30002C82F2 /* ZLUserDefalutHelper.m */,
			);
			path = Helpers;
			sourceTree = "<group>";
		};
		16BDB5F118E902030019DF4D /* Macro */ = {
			isa = PBXGroup;
			children = (
				16BDB5F218E902030019DF4D /* File */,
				16BDB62218E927A90019DF4D /* WSStoryboardMacro.h */,
				16C473A418EADA1700370E73 /* ThirdPartyConfigMacro.h */,
				164D5C6518ED7818002C82F2 /* WSUserDefaultMacro.h */,
			);
			path = Macro;
			sourceTree = "<group>";
		};
		16BDB5F318E902030019DF4D /* Models */ = {
			isa = PBXGroup;
			children = (
				16BDB5F418E902030019DF4D /* File */,
				164D5C0E18ED5410002C82F2 /* WSUserModel.h */,
				164D5C0F18ED5410002C82F2 /* WSUserModel.m */,
				164D5C6918ED7E6F002C82F2 /* WSUIMacro.h */,
			);
			path = Models;
			sourceTree = "<group>";
		};
		16BDB5F518E902030019DF4D /* Sections */ = {
			isa = PBXGroup;
			children = (
				16BDB5F618E902030019DF4D /* File */,
			);
			path = Sections;
			sourceTree = "<group>";
		};
		16BDB5F718E902030019DF4D /* Vendors */ = {
			isa = PBXGroup;
			children = (
				1672D0B118F3A5720076F90E /* JSONKit */,
				16A89DD618F39E6300B398A3 /* GTMBase64 */,
				164D5C5618ED692A002C82F2 /* RESideMenu */,
				16C4737118EAD8F100370E73 /* QiniuSDK */,
				16BDB5F818E902030019DF4D /* File */,
			);
			path = Vendors;
			sourceTree = "<group>";
		};
		16BDB60018E907220019DF4D /* Classes */ = {
			isa = PBXGroup;
			children = (
				16AB585918EEA261003695EC /* upload */,
				16AB7AD518ECF23B001A208B /* Login */,
				16AB7ACF18ECF211001A208B /* Home */,
				160D915018E98AE300198E1F /* Message */,
				16BDB62B18E94D180019DF4D /* Root */,
				16BDB62518E9439E0019DF4D /* Left */,
				16BDB60718E9085F0019DF4D /* Hot */,
				16BDB60918E9085F0019DF4D /* Me */,
			);
			path = Classes;
			sourceTree = "<group>";
		};
		16BDB60118E907AB0019DF4D /* Categories */ = {
			isa = PBXGroup;
			children = (
			);
			name = Categories;
			path = WeSee/General/Categories;
			sourceTree = SOURCE_ROOT;
		};
		16BDB60218E907AB0019DF4D /* Controllers */ = {
			isa = PBXGroup;
			children = (
				16BDB60418E907F10019DF4D /* WSBaseViewController.h */,
				16BDB60518E907F10019DF4D /* WSBaseViewController.m */,
				16BDB61B18E91A850019DF4D /* WSBaseNavigationController.h */,
				16BDB61C18E91A850019DF4D /* WSBaseNavigationController.m */,
			);
			name = Controllers;
			path = WeSee/General/Controllers;
			sourceTree = SOURCE_ROOT;
		};
		16BDB60318E907AB0019DF4D /* Views */ = {
			isa = PBXGroup;
			children = (
			);
			name = Views;
			path = WeSee/General/Views;
			sourceTree = SOURCE_ROOT;
		};
		16BDB60718E9085F0019DF4D /* Hot */ = {
			isa = PBXGroup;
			children = (
				16BDB61318E912EF0019DF4D /* WSHotViewController.h */,
				16BDB61418E912EF0019DF4D /* WSHotViewController.m */,
				16BDB61118E912DA0019DF4D /* WSHotStoryboard.storyboard */,
			);
			path = Hot;
			sourceTree = "<group>";
		};
		16BDB60918E9085F0019DF4D /* Me */ = {
			isa = PBXGroup;
			children = (
				16BDB61618E913010019DF4D /* WSMeViewController.h */,
				16BDB61718E913010019DF4D /* WSMeViewController.m */,
				16BDB61918E913120019DF4D /* WSMeStoryboard.storyboard */,
			);
			path = Me;
			sourceTree = "<group>";
		};
		16BDB62518E9439E0019DF4D /* Left */ = {
			isa = PBXGroup;
			children = (
				16BDB62818E943D70019DF4D /* WSLeftViewController.h */,
				16BDB62918E943D70019DF4D /* WSLeftViewController.m */,
				16BDB62618E943BD0019DF4D /* WSLeftStoryboard.storyboard */,
			);
			path = Left;
			sourceTree = "<group>";
		};
		16BDB62B18E94D180019DF4D /* Root */ = {
			isa = PBXGroup;
			children = (
				16BDB61E18E91E230019DF4D /* WSRootViewController.h */,
				16BDB61F18E91E230019DF4D /* WSRootViewController.m */,
			);
			path = Root;
			sourceTree = "<group>";
		};
		16C4737118EAD8F100370E73 /* QiniuSDK */ = {
			isa = PBXGroup;
			children = (
				16A89DD318F39D7500B398A3 /* QiniuPutPolicy.h */,
				16A89DD418F39D7500B398A3 /* QiniuPutPolicy.m */,
				16C4737218EAD8F100370E73 /* AFNetwork2 */,
				16C4738618EAD8F100370E73 /* QiniuBlkputRet.h */,
				16C4738718EAD8F100370E73 /* QiniuBlkputRet.m */,
				16C4738818EAD8F100370E73 /* QiniuConfig.h */,
				16C4738918EAD8F100370E73 /* QiniuHttpClient.h */,
				16C4738A18EAD8F100370E73 /* QiniuHttpClient.m */,
				16C4738B18EAD8F100370E73 /* QiniuResumableClient.h */,
				16C4738C18EAD8F100370E73 /* QiniuResumableClient.m */,
				16C4738D18EAD8F100370E73 /* QiniuResumableUploader.h */,
				16C4738E18EAD8F100370E73 /* QiniuResumableUploader.m */,
				16C4738F18EAD8F100370E73 /* QiniuSDK-Prefix.pch */,
				16C4739018EAD8F100370E73 /* QiniuSimpleUploader.h */,
				16C4739118EAD8F100370E73 /* QiniuSimpleUploader.m */,
				16C4739218EAD8F100370E73 /* QiniuUploadDelegate.h */,
				16C4739318EAD8F100370E73 /* QiniuUtils.h */,
				16C4739418EAD8F100370E73 /* QiniuUtils.m */,
			);
			path = QiniuSDK;
			sourceTree = "<group>";
		};
		16C4737218EAD8F100370E73 /* AFNetwork2 */ = {
			isa = PBXGroup;
			children = (
				16C4737318EAD8F100370E73 /* AFHTTPRequestOperation.h */,
				16C4737418EAD8F100370E73 /* AFHTTPRequestOperation.m */,
				16C4737518EAD8F100370E73 /* AFHTTPRequestOperationManager.h */,
				16C4737618EAD8F100370E73 /* AFHTTPRequestOperationManager.m */,
				16C4737718EAD8F100370E73 /* AFHTTPSessionManager.h */,
				16C4737818EAD8F100370E73 /* AFHTTPSessionManager.m */,
				16C4737918EAD8F100370E73 /* AFNetworking.h */,
				16C4737A18EAD8F100370E73 /* AFNetworkReachabilityManager.h */,
				16C4737B18EAD8F100370E73 /* AFNetworkReachabilityManager.m */,
				16C4737C18EAD8F100370E73 /* AFSecurityPolicy.h */,
				16C4737D18EAD8F100370E73 /* AFSecurityPolicy.m */,
				16C4737E18EAD8F100370E73 /* AFURLConnectionOperation.h */,
				16C4737F18EAD8F100370E73 /* AFURLConnectionOperation.m */,
				16C4738018EAD8F100370E73 /* AFURLRequestSerialization.h */,
				16C4738118EAD8F100370E73 /* AFURLRequestSerialization.m */,
				16C4738218EAD8F100370E73 /* AFURLResponseSerialization.h */,
				16C4738318EAD8F100370E73 /* AFURLResponseSerialization.m */,
				16C4738418EAD8F100370E73 /* AFURLSessionManager.h */,
				16C4738518EAD8F100370E73 /* AFURLSessionManager.m */,
			);
			path = AFNetwork2;
			sourceTree = "<group>";
		};
/* End PBXGroup section */

/* Begin PBXNativeTarget section */
		16BDB5B918E8FACB0019DF4D /* WeSee */ = {
			isa = PBXNativeTarget;
			buildConfigurationList = 16BDB5E618E8FACB0019DF4D /* Build configuration list for PBXNativeTarget "WeSee" */;
			buildPhases = (
				E73DECEE69DC4D80B6B7DA9E /* Check Pods Manifest.lock */,
				16BDB5B618E8FACB0019DF4D /* Sources */,
				16BDB5B718E8FACB0019DF4D /* Frameworks */,
				16BDB5B818E8FACB0019DF4D /* Resources */,
				8DC4F7EE511B4B34BCBC305E /* Copy Pods Resources */,
			);
			buildRules = (
			);
			dependencies = (
			);
			name = WeSee;
			productName = WeSee;
			productReference = 16BDB5BA18E8FACB0019DF4D /* WeSee.app */;
			productType = "com.apple.product-type.application";
		};
		16BDB5D418E8FACB0019DF4D /* WeSeeTests */ = {
			isa = PBXNativeTarget;
			buildConfigurationList = 16BDB5E918E8FACB0019DF4D /* Build configuration list for PBXNativeTarget "WeSeeTests" */;
			buildPhases = (
				16BDB5D118E8FACB0019DF4D /* Sources */,
				16BDB5D218E8FACB0019DF4D /* Frameworks */,
				16BDB5D318E8FACB0019DF4D /* Resources */,
			);
			buildRules = (
			);
			dependencies = (
				16BDB5DB18E8FACB0019DF4D /* PBXTargetDependency */,
			);
			name = WeSeeTests;
			productName = WeSeeTests;
			productReference = 16BDB5D518E8FACB0019DF4D /* WeSeeTests.xctest */;
			productType = "com.apple.product-type.bundle.unit-test";
		};
/* End PBXNativeTarget section */

/* Begin PBXProject section */
		16BDB5B218E8FACB0019DF4D /* Project object */ = {
			isa = PBXProject;
			attributes = {
				LastUpgradeCheck = 0510;
				ORGANIZATIONNAME = zzl;
				TargetAttributes = {
					16BDB5D418E8FACB0019DF4D = {
						TestTargetID = 16BDB5B918E8FACB0019DF4D;
					};
				};
			};
			buildConfigurationList = 16BDB5B518E8FACB0019DF4D /* Build configuration list for PBXProject "WeSee" */;
			compatibilityVersion = "Xcode 3.2";
			developmentRegion = English;
			hasScannedForEncodings = 0;
			knownRegions = (
				en,
			);
			mainGroup = 16BDB5B118E8FACB0019DF4D;
			productRefGroup = 16BDB5BB18E8FACB0019DF4D /* Products */;
			projectDirPath = "";
			projectRoot = "";
			targets = (
				16BDB5B918E8FACB0019DF4D /* WeSee */,
				16BDB5D418E8FACB0019DF4D /* WeSeeTests */,
			);
		};
/* End PBXProject section */

/* Begin PBXResourcesBuildPhase section */
		16BDB5B818E8FACB0019DF4D /* Resources */ = {
			isa = PBXResourcesBuildPhase;
			buildActionMask = 2147483647;
			files = (
				1672D0C318F3D53E0076F90E /* 111.mp4 in Resources */,
				16BDB5FA18E902030019DF4D /* File in Resources */,
				160D915518E98B2000198E1F /* WSMessageStoryboard.storyboard in Resources */,
				16BDB61A18E913120019DF4D /* WSMeStoryboard.storyboard in Resources */,
				16B6F88D18EC083F00609A3D /* TencentOpenApi_IOS_Bundle.bundle in Resources */,
				16BDB61218E912DA0019DF4D /* WSHotStoryboard.storyboard in Resources */,
				16BDB5C818E8FACB0019DF4D /* InfoPlist.strings in Resources */,
				16BDB5FD18E902030019DF4D /* File in Resources */,
				1672D0B618F3A5720076F90E /* CHANGELOG.md in Resources */,
				16BDB5FC18E902030019DF4D /* File in Resources */,
				16AB585E18EEA2F2003695EC /* WSUploadVideoStoryboard.storyboard in Resources */,
				16BDB62718E943BD0019DF4D /* WSLeftStoryboard.storyboard in Resources */,
				1672D0BF18F3CB620076F90E /* 100.jpg in Resources */,
				16BDB5FE18E902030019DF4D /* File in Resources */,
				16BDB5D018E8FACB0019DF4D /* Images.xcassets in Resources */,
				1672D0B818F3A5720076F90E /* README.md in Resources */,
				16BDB5F918E902030019DF4D /* File in Resources */,
				16BDB5FB18E902030019DF4D /* File in Resources */,
				16AB7AD318ECF211001A208B /* WSHomeStoryboard.storyboard in Resources */,
				164D5C6418ED74C8002C82F2 /* WSLoginView.xib in Resources */,
				16BDB5FF18E902030019DF4D /* File in Resources */,
				1672D0C118F3CBFF0076F90E /* 2.html in Resources */,
			);
			runOnlyForDeploymentPostprocessing = 0;
		};
		16BDB5D318E8FACB0019DF4D /* Resources */ = {
			isa = PBXResourcesBuildPhase;
			buildActionMask = 2147483647;
			files = (
				16BDB5E118E8FACB0019DF4D /* InfoPlist.strings in Resources */,
			);
			runOnlyForDeploymentPostprocessing = 0;
		};
/* End PBXResourcesBuildPhase section */

/* Begin PBXShellScriptBuildPhase section */
		8DC4F7EE511B4B34BCBC305E /* Copy Pods Resources */ = {
			isa = PBXShellScriptBuildPhase;
			buildActionMask = 2147483647;
			files = (
			);
			inputPaths = (
			);
			name = "Copy Pods Resources";
			outputPaths = (
			);
			runOnlyForDeploymentPostprocessing = 0;
			shellPath = /bin/sh;
			shellScript = "\"${SRCROOT}/Pods/Pods-resources.sh\"\n";
			showEnvVarsInLog = 0;
		};
		E73DECEE69DC4D80B6B7DA9E /* Check Pods Manifest.lock */ = {
			isa = PBXShellScriptBuildPhase;
			buildActionMask = 2147483647;
			files = (
			);
			inputPaths = (
			);
			name = "Check Pods Manifest.lock";
			outputPaths = (
			);
			runOnlyForDeploymentPostprocessing = 0;
			shellPath = /bin/sh;
			shellScript = "diff \"${PODS_ROOT}/../Podfile.lock\" \"${PODS_ROOT}/Manifest.lock\" > /dev/null\nif [[ $? != 0 ]] ; then\n    cat << EOM\nerror: The sandbox is not in sync with the Podfile.lock. Run 'pod install' or update your CocoaPods installation.\nEOM\n    exit 1\nfi\n";
			showEnvVarsInLog = 0;
		};
/* End PBXShellScriptBuildPhase section */

/* Begin PBXSourcesBuildPhase section */
		16BDB5B618E8FACB0019DF4D /* Sources */ = {
			isa = PBXSourcesBuildPhase;
			buildActionMask = 2147483647;
			files = (
				16C4739518EAD8F100370E73 /* AFHTTPRequestOperation.m in Sources */,
				160D915318E98B0100198E1F /* WSMessageViewController.m in Sources */,
				164D5C1018ED5410002C82F2 /* WSUserModel.m in Sources */,
				16BDB62A18E943D70019DF4D /* WSLeftViewController.m in Sources */,
				16BDB5CE18E8FACB0019DF4D /* AppDelegate.m in Sources */,
				16AB585C18EEA29E003695EC /* WSUploadVideoViewController.m in Sources */,
				16C4739E18EAD8F100370E73 /* QiniuBlkputRet.m in Sources */,
				16AB7ADB18ECF23B001A208B /* WSLoginQQManager.m in Sources */,
				16AB7AD418ECF211001A208B /* WSHomeViewController.m in Sources */,
				16C4739F18EAD8F100370E73 /* QiniuHttpClient.m in Sources */,
				16C473A318EAD8F100370E73 /* QiniuUtils.m in Sources */,
				16BDB60618E907F10019DF4D /* WSBaseViewController.m in Sources */,
				16C4739D18EAD8F100370E73 /* AFURLSessionManager.m in Sources */,
				164D5C5F18ED692A002C82F2 /* UIViewController+RESideMenu.m in Sources */,
				1672D0B718F3A5720076F90E /* JSONKit.m in Sources */,
				16C473A018EAD8F100370E73 /* QiniuResumableClient.m in Sources */,
				16C4739718EAD8F100370E73 /* AFHTTPSessionManager.m in Sources */,
				16BDB5CA18E8FACB0019DF4D /* main.m in Sources */,
				16C4739818EAD8F100370E73 /* AFNetworkReachabilityManager.m in Sources */,
				164D5C0D18ED53F0002C82F2 /* WSGlobalManager.m in Sources */,
				164D5C6218ED7478002C82F2 /* WSLoginView.m in Sources */,
				16AB7ADC18ECF23B001A208B /* WSLoginWrapper.m in Sources */,
				16C473A118EAD8F100370E73 /* QiniuResumableUploader.m in Sources */,
				16C8328718ED0DD3002788AE /* ParseForQuestion.m in Sources */,
				16C4739C18EAD8F100370E73 /* AFURLResponseSerialization.m in Sources */,
				16C4739B18EAD8F100370E73 /* AFURLRequestSerialization.m in Sources */,
				16C4739A18EAD8F100370E73 /* AFURLConnectionOperation.m in Sources */,
				16C4739618EAD8F100370E73 /* AFHTTPRequestOperationManager.m in Sources */,
				16A89DDF18F39E6300B398A3 /* GTMBase64.m in Sources */,
				16BDB61D18E91A850019DF4D /* WSBaseNavigationController.m in Sources */,
				164D5C0A18ED431E002C82F2 /* WSParseDataManager.m in Sources */,
				164D5C5E18ED692A002C82F2 /* RESideMenu.m in Sources */,
				16C473A218EAD8F100370E73 /* QiniuSimpleUploader.m in Sources */,
				16C4739918EAD8F100370E73 /* AFSecurityPolicy.m in Sources */,
				16BDB61818E913010019DF4D /* WSMeViewController.m in Sources */,
				16C8328418ED0D51002788AE /* ZLParseHelper.m in Sources */,
				16BDB62018E91E230019DF4D /* WSRootViewController.m in Sources */,
				16A89DD518F39D7500B398A3 /* QiniuPutPolicy.m in Sources */,
				164D5C5D18ED692A002C82F2 /* RECommonFunctions.m in Sources */,
				16BDB61518E912EF0019DF4D /* WSHotViewController.m in Sources */,
				164D5C6818ED7A30002C82F2 /* ZLUserDefalutHelper.m in Sources */,
			);
			runOnlyForDeploymentPostprocessing = 0;
		};
		16BDB5D118E8FACB0019DF4D /* Sources */ = {
			isa = PBXSourcesBuildPhase;
			buildActionMask = 2147483647;
			files = (
				16BDB5E318E8FACB0019DF4D /* WeSeeTests.m in Sources */,
			);
			runOnlyForDeploymentPostprocessing = 0;
		};
/* End PBXSourcesBuildPhase section */

/* Begin PBXTargetDependency section */
		16BDB5DB18E8FACB0019DF4D /* PBXTargetDependency */ = {
			isa = PBXTargetDependency;
			target = 16BDB5B918E8FACB0019DF4D /* WeSee */;
			targetProxy = 16BDB5DA18E8FACB0019DF4D /* PBXContainerItemProxy */;
		};
/* End PBXTargetDependency section */

/* Begin PBXVariantGroup section */
		16BDB5C618E8FACB0019DF4D /* InfoPlist.strings */ = {
			isa = PBXVariantGroup;
			children = (
				16BDB5C718E8FACB0019DF4D /* en */,
			);
			name = InfoPlist.strings;
			sourceTree = "<group>";
		};
		16BDB5DF18E8FACB0019DF4D /* InfoPlist.strings */ = {
			isa = PBXVariantGroup;
			children = (
				16BDB5E018E8FACB0019DF4D /* en */,
			);
			name = InfoPlist.strings;
			sourceTree = "<group>";
		};
/* End PBXVariantGroup section */

/* Begin XCBuildConfiguration section */
		16BDB5E418E8FACB0019DF4D /* Debug */ = {
			isa = XCBuildConfiguration;
			buildSettings = {
				ALWAYS_SEARCH_USER_PATHS = NO;
				CLANG_CXX_LANGUAGE_STANDARD = "gnu++0x";
				CLANG_CXX_LIBRARY = "libc++";
				CLANG_ENABLE_MODULES = YES;
				CLANG_ENABLE_OBJC_ARC = YES;
				CLANG_WARN_BOOL_CONVERSION = YES;
				CLANG_WARN_CONSTANT_CONVERSION = YES;
				CLANG_WARN_DIRECT_OBJC_ISA_USAGE = YES_ERROR;
				CLANG_WARN_EMPTY_BODY = YES;
				CLANG_WARN_ENUM_CONVERSION = YES;
				CLANG_WARN_INT_CONVERSION = YES;
				CLANG_WARN_OBJC_ROOT_CLASS = YES_ERROR;
				CLANG_WARN__DUPLICATE_METHOD_MATCH = YES;
				"CODE_SIGN_IDENTITY[sdk=iphoneos*]" = "iPhone Developer";
				COPY_PHASE_STRIP = NO;
				GCC_C_LANGUAGE_STANDARD = gnu99;
				GCC_DYNAMIC_NO_PIC = NO;
				GCC_OPTIMIZATION_LEVEL = 0;
				GCC_PREPROCESSOR_DEFINITIONS = (
					"DEBUG=1",
					"$(inherited)",
				);
				GCC_SYMBOLS_PRIVATE_EXTERN = NO;
				GCC_WARN_64_TO_32_BIT_CONVERSION = YES;
				GCC_WARN_ABOUT_RETURN_TYPE = YES_ERROR;
				GCC_WARN_UNDECLARED_SELECTOR = YES;
				GCC_WARN_UNINITIALIZED_AUTOS = YES_AGGRESSIVE;
				GCC_WARN_UNUSED_FUNCTION = YES;
				GCC_WARN_UNUSED_VARIABLE = YES;
				IPHONEOS_DEPLOYMENT_TARGET = 7.1;
				ONLY_ACTIVE_ARCH = YES;
				SDKROOT = iphoneos;
			};
			name = Debug;
		};
		16BDB5E518E8FACB0019DF4D /* Release */ = {
			isa = XCBuildConfiguration;
			buildSettings = {
				ALWAYS_SEARCH_USER_PATHS = NO;
				CLANG_CXX_LANGUAGE_STANDARD = "gnu++0x";
				CLANG_CXX_LIBRARY = "libc++";
				CLANG_ENABLE_MODULES = YES;
				CLANG_ENABLE_OBJC_ARC = YES;
				CLANG_WARN_BOOL_CONVERSION = YES;
				CLANG_WARN_CONSTANT_CONVERSION = YES;
				CLANG_WARN_DIRECT_OBJC_ISA_USAGE = YES_ERROR;
				CLANG_WARN_EMPTY_BODY = YES;
				CLANG_WARN_ENUM_CONVERSION = YES;
				CLANG_WARN_INT_CONVERSION = YES;
				CLANG_WARN_OBJC_ROOT_CLASS = YES_ERROR;
				CLANG_WARN__DUPLICATE_METHOD_MATCH = YES;
				"CODE_SIGN_IDENTITY[sdk=iphoneos*]" = "iPhone Developer";
				COPY_PHASE_STRIP = YES;
				ENABLE_NS_ASSERTIONS = NO;
				GCC_C_LANGUAGE_STANDARD = gnu99;
				GCC_WARN_64_TO_32_BIT_CONVERSION = YES;
				GCC_WARN_ABOUT_RETURN_TYPE = YES_ERROR;
				GCC_WARN_UNDECLARED_SELECTOR = YES;
				GCC_WARN_UNINITIALIZED_AUTOS = YES_AGGRESSIVE;
				GCC_WARN_UNUSED_FUNCTION = YES;
				GCC_WARN_UNUSED_VARIABLE = YES;
				IPHONEOS_DEPLOYMENT_TARGET = 7.1;
				SDKROOT = iphoneos;
				VALIDATE_PRODUCT = YES;
			};
			name = Release;
		};
		16BDB5E718E8FACB0019DF4D /* Debug */ = {
			isa = XCBuildConfiguration;
			baseConfigurationReference = 634AA486C7794350AEA934A6 /* Pods.xcconfig */;
			buildSettings = {
				ASSETCATALOG_COMPILER_APPICON_NAME = AppIcon;
				ASSETCATALOG_COMPILER_LAUNCHIMAGE_NAME = LaunchImage;
				FRAMEWORK_SEARCH_PATHS = (
					"$(inherited)",
					"$(PROJECT_DIR)",
				);
				GCC_PRECOMPILE_PREFIX_HEADER = YES;
				GCC_PREFIX_HEADER = "WeSee/WeSee-Prefix.pch";
				INFOPLIST_FILE = "WeSee/WeSee-Info.plist";
				IPHONEOS_DEPLOYMENT_TARGET = 7.0;
				ONLY_ACTIVE_ARCH = NO;
				OTHER_LDFLAGS = (
					"-framework",
					QuartzCore,
					"-framework",
					UIKit,
					"-ObjC",
				);
				PRODUCT_NAME = "$(TARGET_NAME)";
				PROVISIONING_PROFILE = "A5E1387B-6E60-419E-AF42-4819D6974D65";
				VALID_ARCHS = "armv7 armv7s";
				WRAPPER_EXTENSION = app;
			};
			name = Debug;
		};
		16BDB5E818E8FACB0019DF4D /* Release */ = {
			isa = XCBuildConfiguration;
			baseConfigurationReference = 634AA486C7794350AEA934A6 /* Pods.xcconfig */;
			buildSettings = {
				ASSETCATALOG_COMPILER_APPICON_NAME = AppIcon;
				ASSETCATALOG_COMPILER_LAUNCHIMAGE_NAME = LaunchImage;
				FRAMEWORK_SEARCH_PATHS = (
					"$(inherited)",
					"$(PROJECT_DIR)",
				);
				GCC_PRECOMPILE_PREFIX_HEADER = YES;
				GCC_PREFIX_HEADER = "WeSee/WeSee-Prefix.pch";
				INFOPLIST_FILE = "WeSee/WeSee-Info.plist";
				IPHONEOS_DEPLOYMENT_TARGET = 7.0;
				ONLY_ACTIVE_ARCH = NO;
				OTHER_LDFLAGS = (
					"-framework",
					QuartzCore,
					"-framework",
					UIKit,
					"-ObjC",
				);
				PRODUCT_NAME = "$(TARGET_NAME)";
				PROVISIONING_PROFILE = "A5E1387B-6E60-419E-AF42-4819D6974D65";
				VALID_ARCHS = "armv7 armv7s";
				WRAPPER_EXTENSION = app;
			};
			name = Release;
		};
		16BDB5EA18E8FACB0019DF4D /* Debug */ = {
			isa = XCBuildConfiguration;
			buildSettings = {
				BUNDLE_LOADER = "$(BUILT_PRODUCTS_DIR)/WeSee.app/WeSee";
				FRAMEWORK_SEARCH_PATHS = (
					"$(SDKROOT)/Developer/Library/Frameworks",
					"$(inherited)",
					"$(DEVELOPER_FRAMEWORKS_DIR)",
				);
				GCC_PRECOMPILE_PREFIX_HEADER = YES;
				GCC_PREFIX_HEADER = "WeSee/WeSee-Prefix.pch";
				GCC_PREPROCESSOR_DEFINITIONS = (
					"DEBUG=1",
					"$(inherited)",
				);
				INFOPLIST_FILE = "WeSeeTests/WeSeeTests-Info.plist";
				PRODUCT_NAME = "$(TARGET_NAME)";
				TEST_HOST = "$(BUNDLE_LOADER)";
				WRAPPER_EXTENSION = xctest;
			};
			name = Debug;
		};
		16BDB5EB18E8FACB0019DF4D /* Release */ = {
			isa = XCBuildConfiguration;
			buildSettings = {
				BUNDLE_LOADER = "$(BUILT_PRODUCTS_DIR)/WeSee.app/WeSee";
				FRAMEWORK_SEARCH_PATHS = (
					"$(SDKROOT)/Developer/Library/Frameworks",
					"$(inherited)",
					"$(DEVELOPER_FRAMEWORKS_DIR)",
				);
				GCC_PRECOMPILE_PREFIX_HEADER = YES;
				GCC_PREFIX_HEADER = "WeSee/WeSee-Prefix.pch";
				INFOPLIST_FILE = "WeSeeTests/WeSeeTests-Info.plist";
				PRODUCT_NAME = "$(TARGET_NAME)";
				TEST_HOST = "$(BUNDLE_LOADER)";
				WRAPPER_EXTENSION = xctest;
			};
			name = Release;
		};
/* End XCBuildConfiguration section */

/* Begin XCConfigurationList section */
		16BDB5B518E8FACB0019DF4D /* Build configuration list for PBXProject "WeSee" */ = {
			isa = XCConfigurationList;
			buildConfigurations = (
				16BDB5E418E8FACB0019DF4D /* Debug */,
				16BDB5E518E8FACB0019DF4D /* Release */,
			);
			defaultConfigurationIsVisible = 0;
			defaultConfigurationName = Release;
		};
		16BDB5E618E8FACB0019DF4D /* Build configuration list for PBXNativeTarget "WeSee" */ = {
			isa = XCConfigurationList;
			buildConfigurations = (
				16BDB5E718E8FACB0019DF4D /* Debug */,
				16BDB5E818E8FACB0019DF4D /* Release */,
			);
			defaultConfigurationIsVisible = 0;
			defaultConfigurationName = Release;
		};
		16BDB5E918E8FACB0019DF4D /* Build configuration list for PBXNativeTarget "WeSeeTests" */ = {
			isa = XCConfigurationList;
			buildConfigurations = (
				16BDB5EA18E8FACB0019DF4D /* Debug */,
				16BDB5EB18E8FACB0019DF4D /* Release */,
			);
			defaultConfigurationIsVisible = 0;
			defaultConfigurationName = Release;
		};
/* End XCConfigurationList section */
	};
	rootObject = 16BDB5B218E8FACB0019DF4D /* Project object */;
}
