// !$*UTF8*$!
{
	archiveVersion = 1;
	classes = {
	};
	objectVersion = 46;
	objects = {

/* Begin PBXBuildFile section */
		16BDB5BE18E8FACB0019DF4D /* Foundation.framework in Frameworks */ = {isa = PBXBuildFile; fileRef = 16BDB5BD18E8FACB0019DF4D /* Foundation.framework */; };
		16BDB5C018E8FACB0019DF4D /* CoreGraphics.framework in Frameworks */ = {isa = PBXBuildFile; fileRef = 16BDB5BF18E8FACB0019DF4D /* CoreGraphics.framework */; };
		16BDB5C218E8FACB0019DF4D /* UIKit.framework in Frameworks */ = {isa = PBXBuildFile; fileRef = 16BDB5C118E8FACB0019DF4D /* UIKit.framework */; };
		16BDB5C818E8FACB0019DF4D /* InfoPlist.strings in Resources */ = {isa = PBXBuildFile; fileRef = 16BDB5C618E8FACB0019DF4D /* InfoPlist.strings */; };
		16BDB5CA18E8FACB0019DF4D /* main.m in Sources */ = {isa = PBXBuildFile; fileRef = 16BDB5C918E8FACB0019DF4D /* main.m */; };
		16BDB5CE18E8FACB0019DF4D /* AppDelegate.m in Sources */ = {isa = PBXBuildFile; fileRef = 16BDB5CD18E8FACB0019DF4D /* AppDelegate.m */; };
		16BDB5D018E8FACB0019DF4D /* Images.xcassets in Resources */ = {isa = PBXBuildFile; fileRef = 16BDB5CF18E8FACB0019DF4D /* Images.xcassets */; };
		16BDB5D718E8FACB0019DF4D /* XCTest.framework in Frameworks */ = {isa = PBXBuildFile; fileRef = 16BDB5D618E8FACB0019DF4D /* XCTest.framework */; };
		16BDB5D818E8FACB0019DF4D /* Foundation.framework in Frameworks */ = {isa = PBXBuildFile; fileRef = 16BDB5BD18E8FACB0019DF4D /* Foundation.framework */; };
		16BDB5D918E8FACB0019DF4D /* UIKit.framework in Frameworks */ = {isa = PBXBuildFile; fileRef = 16BDB5C118E8FACB0019DF4D /* UIKit.framework */; };
		16BDB5E118E8FACB0019DF4D /* InfoPlist.strings in Resources */ = {isa = PBXBuildFile; fileRef = 16BDB5DF18E8FACB0019DF4D /* InfoPlist.strings */; };
		16BDB5E318E8FACB0019DF4D /* WeSeeTests.m in Sources */ = {isa = PBXBuildFile; fileRef = 16BDB5E218E8FACB0019DF4D /* WeSeeTests.m */; };
		16BDB5F918E902030019DF4D /* File in Resources */ = {isa = PBXBuildFile; fileRef = 16BDB5EC18E902030019DF4D /* File */; };
		16BDB5FA18E902030019DF4D /* File in Resources */ = {isa = PBXBuildFile; fileRef = 16BDB5EE18E902030019DF4D /* File */; };
		16BDB5FB18E902030019DF4D /* File in Resources */ = {isa = PBXBuildFile; fileRef = 16BDB5F018E902030019DF4D /* File */; };
		16BDB5FC18E902030019DF4D /* File in Resources */ = {isa = PBXBuildFile; fileRef = 16BDB5F218E902030019DF4D /* File */; };
		16BDB5FD18E902030019DF4D /* File in Resources */ = {isa = PBXBuildFile; fileRef = 16BDB5F418E902030019DF4D /* File */; };
		16BDB5FE18E902030019DF4D /* File in Resources */ = {isa = PBXBuildFile; fileRef = 16BDB5F618E902030019DF4D /* File */; };
		16BDB5FF18E902030019DF4D /* File in Resources */ = {isa = PBXBuildFile; fileRef = 16BDB5F818E902030019DF4D /* File */; };
		16BDB60618E907F10019DF4D /* WSBaseViewController.m in Sources */ = {isa = PBXBuildFile; fileRef = 16BDB60518E907F10019DF4D /* WSBaseViewController.m */; };
		16BDB60D18E908880019DF4D /* WSHomeViewController.m in Sources */ = {isa = PBXBuildFile; fileRef = 16BDB60B18E908880019DF4D /* WSHomeViewController.m */; };
		16BDB61018E912A50019DF4D /* WSHomeStoryboard.storyboard in Resources */ = {isa = PBXBuildFile; fileRef = 16BDB60F18E912A50019DF4D /* WSHomeStoryboard.storyboard */; };
		16BDB61218E912DA0019DF4D /* WSHotStoryboard.storyboard in Resources */ = {isa = PBXBuildFile; fileRef = 16BDB61118E912DA0019DF4D /* WSHotStoryboard.storyboard */; };
		16BDB61518E912EF0019DF4D /* WSHotViewController.m in Sources */ = {isa = PBXBuildFile; fileRef = 16BDB61418E912EF0019DF4D /* WSHotViewController.m */; };
		16BDB61818E913010019DF4D /* WSMeViewController.m in Sources */ = {isa = PBXBuildFile; fileRef = 16BDB61718E913010019DF4D /* WSMeViewController.m */; };
		16BDB61A18E913120019DF4D /* WSMeStoryboard.storyboard in Resources */ = {isa = PBXBuildFile; fileRef = 16BDB61918E913120019DF4D /* WSMeStoryboard.storyboard */; };
		16BDB61D18E91A850019DF4D /* WSBaseNavigationController.m in Sources */ = {isa = PBXBuildFile; fileRef = 16BDB61C18E91A850019DF4D /* WSBaseNavigationController.m */; };
		16BDB62018E91E230019DF4D /* WSRootViewController.m in Sources */ = {isa = PBXBuildFile; fileRef = 16BDB61F18E91E230019DF4D /* WSRootViewController.m */; };
		16BDB62718E943BD0019DF4D /* WSLeftStoryboard.storyboard in Resources */ = {isa = PBXBuildFile; fileRef = 16BDB62618E943BD0019DF4D /* WSLeftStoryboard.storyboard */; };
		16BDB62A18E943D70019DF4D /* WSLeftViewController.m in Sources */ = {isa = PBXBuildFile; fileRef = 16BDB62918E943D70019DF4D /* WSLeftViewController.m */; };
		2A50363444434CC8929A0D32 /* libPods.a in Frameworks */ = {isa = PBXBuildFile; fileRef = 20397C2490C649E79C45EB11 /* libPods.a */; };
/* End PBXBuildFile section */

/* Begin PBXContainerItemProxy section */
		16BDB5DA18E8FACB0019DF4D /* PBXContainerItemProxy */ = {
			isa = PBXContainerItemProxy;
			containerPortal = 16BDB5B218E8FACB0019DF4D /* Project object */;
			proxyType = 1;
			remoteGlobalIDString = 16BDB5B918E8FACB0019DF4D;
			remoteInfo = WeSee;
		};
/* End PBXContainerItemProxy section */

/* Begin PBXFileReference section */
		16BDB5BA18E8FACB0019DF4D /* WeSee.app */ = {isa = PBXFileReference; explicitFileType = wrapper.application; includeInIndex = 0; path = WeSee.app; sourceTree = BUILT_PRODUCTS_DIR; };
		16BDB5BD18E8FACB0019DF4D /* Foundation.framework */ = {isa = PBXFileReference; lastKnownFileType = wrapper.framework; name = Foundation.framework; path = System/Library/Frameworks/Foundation.framework; sourceTree = SDKROOT; };
		16BDB5BF18E8FACB0019DF4D /* CoreGraphics.framework */ = {isa = PBXFileReference; lastKnownFileType = wrapper.framework; name = CoreGraphics.framework; path = System/Library/Frameworks/CoreGraphics.framework; sourceTree = SDKROOT; };
		16BDB5C118E8FACB0019DF4D /* UIKit.framework */ = {isa = PBXFileReference; lastKnownFileType = wrapper.framework; name = UIKit.framework; path = System/Library/Frameworks/UIKit.framework; sourceTree = SDKROOT; };
		16BDB5C518E8FACB0019DF4D /* WeSee-Info.plist */ = {isa = PBXFileReference; lastKnownFileType = text.plist.xml; path = "WeSee-Info.plist"; sourceTree = "<group>"; };
		16BDB5C718E8FACB0019DF4D /* en */ = {isa = PBXFileReference; lastKnownFileType = text.plist.strings; name = en; path = en.lproj/InfoPlist.strings; sourceTree = "<group>"; };
		16BDB5C918E8FACB0019DF4D /* main.m */ = {isa = PBXFileReference; lastKnownFileType = sourcecode.c.objc; path = main.m; sourceTree = "<group>"; };
		16BDB5CB18E8FACB0019DF4D /* WeSee-Prefix.pch */ = {isa = PBXFileReference; lastKnownFileType = sourcecode.c.h; path = "WeSee-Prefix.pch"; sourceTree = "<group>"; };
		16BDB5CC18E8FACB0019DF4D /* AppDelegate.h */ = {isa = PBXFileReference; lastKnownFileType = sourcecode.c.h; path = AppDelegate.h; sourceTree = "<group>"; };
		16BDB5CD18E8FACB0019DF4D /* AppDelegate.m */ = {isa = PBXFileReference; lastKnownFileType = sourcecode.c.objc; path = AppDelegate.m; sourceTree = "<group>"; };
		16BDB5CF18E8FACB0019DF4D /* Images.xcassets */ = {isa = PBXFileReference; lastKnownFileType = folder.assetcatalog; path = Images.xcassets; sourceTree = "<group>"; };
		16BDB5D518E8FACB0019DF4D /* WeSeeTests.xctest */ = {isa = PBXFileReference; explicitFileType = wrapper.cfbundle; includeInIndex = 0; path = WeSeeTests.xctest; sourceTree = BUILT_PRODUCTS_DIR; };
		16BDB5D618E8FACB0019DF4D /* XCTest.framework */ = {isa = PBXFileReference; lastKnownFileType = wrapper.framework; name = XCTest.framework; path = Library/Frameworks/XCTest.framework; sourceTree = DEVELOPER_DIR; };
		16BDB5DE18E8FACB0019DF4D /* WeSeeTests-Info.plist */ = {isa = PBXFileReference; lastKnownFileType = text.plist.xml; path = "WeSeeTests-Info.plist"; sourceTree = "<group>"; };
		16BDB5E018E8FACB0019DF4D /* en */ = {isa = PBXFileReference; lastKnownFileType = text.plist.strings; name = en; path = en.lproj/InfoPlist.strings; sourceTree = "<group>"; };
		16BDB5E218E8FACB0019DF4D /* WeSeeTests.m */ = {isa = PBXFileReference; lastKnownFileType = sourcecode.c.objc; path = WeSeeTests.m; sourceTree = "<group>"; };
		16BDB5EC18E902030019DF4D /* File */ = {isa = PBXFileReference; fileEncoding = 4; lastKnownFileType = text; path = File; sourceTree = "<group>"; };
		16BDB5EE18E902030019DF4D /* File */ = {isa = PBXFileReference; fileEncoding = 4; lastKnownFileType = text; path = File; sourceTree = "<group>"; };
		16BDB5F018E902030019DF4D /* File */ = {isa = PBXFileReference; fileEncoding = 4; lastKnownFileType = text; path = File; sourceTree = "<group>"; };
		16BDB5F218E902030019DF4D /* File */ = {isa = PBXFileReference; fileEncoding = 4; lastKnownFileType = text; path = File; sourceTree = "<group>"; };
		16BDB5F418E902030019DF4D /* File */ = {isa = PBXFileReference; fileEncoding = 4; lastKnownFileType = text; path = File; sourceTree = "<group>"; };
		16BDB5F618E902030019DF4D /* File */ = {isa = PBXFileReference; fileEncoding = 4; lastKnownFileType = text; path = File; sourceTree = "<group>"; };
		16BDB5F818E902030019DF4D /* File */ = {isa = PBXFileReference; fileEncoding = 4; lastKnownFileType = text; path = File; sourceTree = "<group>"; };
		16BDB60418E907F10019DF4D /* WSBaseViewController.h */ = {isa = PBXFileReference; fileEncoding = 4; lastKnownFileType = sourcecode.c.h; path = WSBaseViewController.h; sourceTree = "<group>"; };
		16BDB60518E907F10019DF4D /* WSBaseViewController.m */ = {isa = PBXFileReference; fileEncoding = 4; lastKnownFileType = sourcecode.c.objc; path = WSBaseViewController.m; sourceTree = "<group>"; };
		16BDB60A18E908880019DF4D /* WSHomeViewController.h */ = {isa = PBXFileReference; fileEncoding = 4; lastKnownFileType = sourcecode.c.h; path = WSHomeViewController.h; sourceTree = "<group>"; };
		16BDB60B18E908880019DF4D /* WSHomeViewController.m */ = {isa = PBXFileReference; fileEncoding = 4; lastKnownFileType = sourcecode.c.objc; path = WSHomeViewController.m; sourceTree = "<group>"; };
		16BDB60F18E912A50019DF4D /* WSHomeStoryboard.storyboard */ = {isa = PBXFileReference; fileEncoding = 4; lastKnownFileType = file.storyboard; path = WSHomeStoryboard.storyboard; sourceTree = "<group>"; };
		16BDB61118E912DA0019DF4D /* WSHotStoryboard.storyboard */ = {isa = PBXFileReference; fileEncoding = 4; lastKnownFileType = file.storyboard; path = WSHotStoryboard.storyboard; sourceTree = "<group>"; };
		16BDB61318E912EF0019DF4D /* WSHotViewController.h */ = {isa = PBXFileReference; fileEncoding = 4; lastKnownFileType = sourcecode.c.h; path = WSHotViewController.h; sourceTree = "<group>"; };
		16BDB61418E912EF0019DF4D /* WSHotViewController.m */ = {isa = PBXFileReference; fileEncoding = 4; lastKnownFileType = sourcecode.c.objc; path = WSHotViewController.m; sourceTree = "<group>"; };
		16BDB61618E913010019DF4D /* WSMeViewController.h */ = {isa = PBXFileReference; fileEncoding = 4; lastKnownFileType = sourcecode.c.h; path = WSMeViewController.h; sourceTree = "<group>"; };
		16BDB61718E913010019DF4D /* WSMeViewController.m */ = {isa = PBXFileReference; fileEncoding = 4; lastKnownFileType = sourcecode.c.objc; path = WSMeViewController.m; sourceTree = "<group>"; };
		16BDB61918E913120019DF4D /* WSMeStoryboard.storyboard */ = {isa = PBXFileReference; fileEncoding = 4; lastKnownFileType = file.storyboard; path = WSMeStoryboard.storyboard; sourceTree = "<group>"; };
		16BDB61B18E91A850019DF4D /* WSBaseNavigationController.h */ = {isa = PBXFileReference; fileEncoding = 4; lastKnownFileType = sourcecode.c.h; path = WSBaseNavigationController.h; sourceTree = "<group>"; };
		16BDB61C18E91A850019DF4D /* WSBaseNavigationController.m */ = {isa = PBXFileReference; fileEncoding = 4; lastKnownFileType = sourcecode.c.objc; path = WSBaseNavigationController.m; sourceTree = "<group>"; };
		16BDB61E18E91E230019DF4D /* WSRootViewController.h */ = {isa = PBXFileReference; fileEncoding = 4; lastKnownFileType = sourcecode.c.h; name = WSRootViewController.h; path = ../../General/Controllers/WSRootViewController.h; sourceTree = "<group>"; };
		16BDB61F18E91E230019DF4D /* WSRootViewController.m */ = {isa = PBXFileReference; fileEncoding = 4; lastKnownFileType = sourcecode.c.objc; name = WSRootViewController.m; path = ../../General/Controllers/WSRootViewController.m; sourceTree = "<group>"; };
		16BDB62218E927A90019DF4D /* WSStoryboardMacro.h */ = {isa = PBXFileReference; lastKnownFileType = sourcecode.c.h; path = WSStoryboardMacro.h; sourceTree = "<group>"; };
		16BDB62618E943BD0019DF4D /* WSLeftStoryboard.storyboard */ = {isa = PBXFileReference; fileEncoding = 4; lastKnownFileType = file.storyboard; path = WSLeftStoryboard.storyboard; sourceTree = "<group>"; };
		16BDB62818E943D70019DF4D /* WSLeftViewController.h */ = {isa = PBXFileReference; fileEncoding = 4; lastKnownFileType = sourcecode.c.h; path = WSLeftViewController.h; sourceTree = "<group>"; };
		16BDB62918E943D70019DF4D /* WSLeftViewController.m */ = {isa = PBXFileReference; fileEncoding = 4; lastKnownFileType = sourcecode.c.objc; path = WSLeftViewController.m; sourceTree = "<group>"; };
		20397C2490C649E79C45EB11 /* libPods.a */ = {isa = PBXFileReference; explicitFileType = archive.ar; includeInIndex = 0; path = libPods.a; sourceTree = BUILT_PRODUCTS_DIR; };
		634AA486C7794350AEA934A6 /* Pods.xcconfig */ = {isa = PBXFileReference; includeInIndex = 1; lastKnownFileType = text.xcconfig; name = Pods.xcconfig; path = Pods/Pods.xcconfig; sourceTree = "<group>"; };
/* End PBXFileReference section */

/* Begin PBXFrameworksBuildPhase section */
		16BDB5B718E8FACB0019DF4D /* Frameworks */ = {
			isa = PBXFrameworksBuildPhase;
			buildActionMask = 2147483647;
			files = (
				16BDB5C018E8FACB0019DF4D /* CoreGraphics.framework in Frameworks */,
				16BDB5C218E8FACB0019DF4D /* UIKit.framework in Frameworks */,
				16BDB5BE18E8FACB0019DF4D /* Foundation.framework in Frameworks */,
				2A50363444434CC8929A0D32 /* libPods.a in Frameworks */,
			);
			runOnlyForDeploymentPostprocessing = 0;
		};
		16BDB5D218E8FACB0019DF4D /* Frameworks */ = {
			isa = PBXFrameworksBuildPhase;
			buildActionMask = 2147483647;
			files = (
				16BDB5D718E8FACB0019DF4D /* XCTest.framework in Frameworks */,
				16BDB5D918E8FACB0019DF4D /* UIKit.framework in Frameworks */,
				16BDB5D818E8FACB0019DF4D /* Foundation.framework in Frameworks */,
			);
			runOnlyForDeploymentPostprocessing = 0;
		};
/* End PBXFrameworksBuildPhase section */

/* Begin PBXGroup section */
		16BDB5B118E8FACB0019DF4D = {
			isa = PBXGroup;
			children = (
				16BDB5C318E8FACB0019DF4D /* WeSee */,
				16BDB5DC18E8FACB0019DF4D /* WeSeeTests */,
				16BDB5BC18E8FACB0019DF4D /* Frameworks */,
				16BDB5BB18E8FACB0019DF4D /* Products */,
				634AA486C7794350AEA934A6 /* Pods.xcconfig */,
			);
			sourceTree = "<group>";
		};
		16BDB5BB18E8FACB0019DF4D /* Products */ = {
			isa = PBXGroup;
			children = (
				16BDB5BA18E8FACB0019DF4D /* WeSee.app */,
				16BDB5D518E8FACB0019DF4D /* WeSeeTests.xctest */,
			);
			name = Products;
			sourceTree = "<group>";
		};
		16BDB5BC18E8FACB0019DF4D /* Frameworks */ = {
			isa = PBXGroup;
			children = (
				16BDB5BD18E8FACB0019DF4D /* Foundation.framework */,
				16BDB5BF18E8FACB0019DF4D /* CoreGraphics.framework */,
				16BDB5C118E8FACB0019DF4D /* UIKit.framework */,
				16BDB5D618E8FACB0019DF4D /* XCTest.framework */,
				20397C2490C649E79C45EB11 /* libPods.a */,
			);
			name = Frameworks;
			sourceTree = "<group>";
		};
		16BDB5C318E8FACB0019DF4D /* WeSee */ = {
			isa = PBXGroup;
			children = (
				16BDB60018E907220019DF4D /* Classes */,
				16BDB5EC18E902030019DF4D /* File */,
				16BDB5ED18E902030019DF4D /* General */,
				16BDB5EF18E902030019DF4D /* Helpers */,
				16BDB5F118E902030019DF4D /* Macro */,
				16BDB5F318E902030019DF4D /* Models */,
				16BDB5F518E902030019DF4D /* Sections */,
				16BDB5F718E902030019DF4D /* Vendors */,
				16BDB5CC18E8FACB0019DF4D /* AppDelegate.h */,
				16BDB5CD18E8FACB0019DF4D /* AppDelegate.m */,
				16BDB5CF18E8FACB0019DF4D /* Images.xcassets */,
				16BDB5C418E8FACB0019DF4D /* Supporting Files */,
			);
			path = WeSee;
			sourceTree = "<group>";
		};
		16BDB5C418E8FACB0019DF4D /* Supporting Files */ = {
			isa = PBXGroup;
			children = (
				16BDB5C518E8FACB0019DF4D /* WeSee-Info.plist */,
				16BDB5C618E8FACB0019DF4D /* InfoPlist.strings */,
				16BDB5C918E8FACB0019DF4D /* main.m */,
				16BDB5CB18E8FACB0019DF4D /* WeSee-Prefix.pch */,
			);
			name = "Supporting Files";
			sourceTree = "<group>";
		};
		16BDB5DC18E8FACB0019DF4D /* WeSeeTests */ = {
			isa = PBXGroup;
			children = (
				16BDB5E218E8FACB0019DF4D /* WeSeeTests.m */,
				16BDB5DD18E8FACB0019DF4D /* Supporting Files */,
			);
			path = WeSeeTests;
			sourceTree = "<group>";
		};
		16BDB5DD18E8FACB0019DF4D /* Supporting Files */ = {
			isa = PBXGroup;
			children = (
				16BDB5DE18E8FACB0019DF4D /* WeSeeTests-Info.plist */,
				16BDB5DF18E8FACB0019DF4D /* InfoPlist.strings */,
			);
			name = "Supporting Files";
			sourceTree = "<group>";
		};
		16BDB5ED18E902030019DF4D /* General */ = {
			isa = PBXGroup;
			children = (
				16BDB60118E907AB0019DF4D /* Categories */,
				16BDB60218E907AB0019DF4D /* Controllers */,
				16BDB60318E907AB0019DF4D /* Views */,
				16BDB5EE18E902030019DF4D /* File */,
			);
			path = General;
			sourceTree = "<group>";
		};
		16BDB5EF18E902030019DF4D /* Helpers */ = {
			isa = PBXGroup;
			children = (
				16BDB5F018E902030019DF4D /* File */,
			);
			path = Helpers;
			sourceTree = "<group>";
		};
		16BDB5F118E902030019DF4D /* Macro */ = {
			isa = PBXGroup;
			children = (
				16BDB5F218E902030019DF4D /* File */,
				16BDB62218E927A90019DF4D /* WSStoryboardMacro.h */,
			);
			path = Macro;
			sourceTree = "<group>";
		};
		16BDB5F318E902030019DF4D /* Models */ = {
			isa = PBXGroup;
			children = (
				16BDB5F418E902030019DF4D /* File */,
			);
			path = Models;
			sourceTree = "<group>";
		};
		16BDB5F518E902030019DF4D /* Sections */ = {
			isa = PBXGroup;
			children = (
				16BDB5F618E902030019DF4D /* File */,
			);
			path = Sections;
			sourceTree = "<group>";
		};
		16BDB5F718E902030019DF4D /* Vendors */ = {
			isa = PBXGroup;
			children = (
				16BDB5F818E902030019DF4D /* File */,
			);
			path = Vendors;
			sourceTree = "<group>";
		};
		16BDB60018E907220019DF4D /* Classes */ = {
			isa = PBXGroup;
			children = (
				16BDB62B18E94D180019DF4D /* Root */,
				16BDB62518E9439E0019DF4D /* Left */,
				16BDB60718E9085F0019DF4D /* Hot */,
				16BDB60818E9085F0019DF4D /* Home */,
				16BDB60918E9085F0019DF4D /* Me */,
			);
			path = Classes;
			sourceTree = "<group>";
		};
		16BDB60118E907AB0019DF4D /* Categories */ = {
			isa = PBXGroup;
			children = (
			);
			name = Categories;
			path = WeSee/General/Categories;
			sourceTree = SOURCE_ROOT;
		};
		16BDB60218E907AB0019DF4D /* Controllers */ = {
			isa = PBXGroup;
			children = (
				16BDB60418E907F10019DF4D /* WSBaseViewController.h */,
				16BDB60518E907F10019DF4D /* WSBaseViewController.m */,
				16BDB61B18E91A850019DF4D /* WSBaseNavigationController.h */,
				16BDB61C18E91A850019DF4D /* WSBaseNavigationController.m */,
			);
			name = Controllers;
			path = WeSee/General/Controllers;
			sourceTree = SOURCE_ROOT;
		};
		16BDB60318E907AB0019DF4D /* Views */ = {
			isa = PBXGroup;
			children = (
			);
			name = Views;
			path = WeSee/General/Views;
			sourceTree = SOURCE_ROOT;
		};
		16BDB60718E9085F0019DF4D /* Hot */ = {
			isa = PBXGroup;
			children = (
				16BDB61318E912EF0019DF4D /* WSHotViewController.h */,
				16BDB61418E912EF0019DF4D /* WSHotViewController.m */,
				16BDB61118E912DA0019DF4D /* WSHotStoryboard.storyboard */,
			);
			path = Hot;
			sourceTree = "<group>";
		};
		16BDB60818E9085F0019DF4D /* Home */ = {
			isa = PBXGroup;
			children = (
				16BDB60A18E908880019DF4D /* WSHomeViewController.h */,
				16BDB60B18E908880019DF4D /* WSHomeViewController.m */,
				16BDB60F18E912A50019DF4D /* WSHomeStoryboard.storyboard */,
			);
			name = Home;
			path = Main;
			sourceTree = "<group>";
		};
		16BDB60918E9085F0019DF4D /* Me */ = {
			isa = PBXGroup;
			children = (
				16BDB61618E913010019DF4D /* WSMeViewController.h */,
				16BDB61718E913010019DF4D /* WSMeViewController.m */,
				16BDB61918E913120019DF4D /* WSMeStoryboard.storyboard */,
			);
			path = Me;
			sourceTree = "<group>";
		};
		16BDB62518E9439E0019DF4D /* Left */ = {
			isa = PBXGroup;
			children = (
				16BDB62818E943D70019DF4D /* WSLeftViewController.h */,
				16BDB62918E943D70019DF4D /* WSLeftViewController.m */,
				16BDB62618E943BD0019DF4D /* WSLeftStoryboard.storyboard */,
			);
			path = Left;
			sourceTree = "<group>";
		};
		16BDB62B18E94D180019DF4D /* Root */ = {
			isa = PBXGroup;
			children = (
				16BDB61E18E91E230019DF4D /* WSRootViewController.h */,
				16BDB61F18E91E230019DF4D /* WSRootViewController.m */,
			);
			path = Root;
			sourceTree = "<group>";
		};
/* End PBXGroup section */

/* Begin PBXNativeTarget section */
		16BDB5B918E8FACB0019DF4D /* WeSee */ = {
			isa = PBXNativeTarget;
			buildConfigurationList = 16BDB5E618E8FACB0019DF4D /* Build configuration list for PBXNativeTarget "WeSee" */;
			buildPhases = (
				E73DECEE69DC4D80B6B7DA9E /* Check Pods Manifest.lock */,
				16BDB5B618E8FACB0019DF4D /* Sources */,
				16BDB5B718E8FACB0019DF4D /* Frameworks */,
				16BDB5B818E8FACB0019DF4D /* Resources */,
				8DC4F7EE511B4B34BCBC305E /* Copy Pods Resources */,
			);
			buildRules = (
			);
			dependencies = (
			);
			name = WeSee;
			productName = WeSee;
			productReference = 16BDB5BA18E8FACB0019DF4D /* WeSee.app */;
			productType = "com.apple.product-type.application";
		};
		16BDB5D418E8FACB0019DF4D /* WeSeeTests */ = {
			isa = PBXNativeTarget;
			buildConfigurationList = 16BDB5E918E8FACB0019DF4D /* Build configuration list for PBXNativeTarget "WeSeeTests" */;
			buildPhases = (
				16BDB5D118E8FACB0019DF4D /* Sources */,
				16BDB5D218E8FACB0019DF4D /* Frameworks */,
				16BDB5D318E8FACB0019DF4D /* Resources */,
			);
			buildRules = (
			);
			dependencies = (
				16BDB5DB18E8FACB0019DF4D /* PBXTargetDependency */,
			);
			name = WeSeeTests;
			productName = WeSeeTests;
			productReference = 16BDB5D518E8FACB0019DF4D /* WeSeeTests.xctest */;
			productType = "com.apple.product-type.bundle.unit-test";
		};
/* End PBXNativeTarget section */

/* Begin PBXProject section */
		16BDB5B218E8FACB0019DF4D /* Project object */ = {
			isa = PBXProject;
			attributes = {
				LastUpgradeCheck = 0510;
				ORGANIZATIONNAME = zzl;
				TargetAttributes = {
					16BDB5D418E8FACB0019DF4D = {
						TestTargetID = 16BDB5B918E8FACB0019DF4D;
					};
				};
			};
			buildConfigurationList = 16BDB5B518E8FACB0019DF4D /* Build configuration list for PBXProject "WeSee" */;
			compatibilityVersion = "Xcode 3.2";
			developmentRegion = English;
			hasScannedForEncodings = 0;
			knownRegions = (
				en,
			);
			mainGroup = 16BDB5B118E8FACB0019DF4D;
			productRefGroup = 16BDB5BB18E8FACB0019DF4D /* Products */;
			projectDirPath = "";
			projectRoot = "";
			targets = (
				16BDB5B918E8FACB0019DF4D /* WeSee */,
				16BDB5D418E8FACB0019DF4D /* WeSeeTests */,
			);
		};
/* End PBXProject section */

/* Begin PBXResourcesBuildPhase section */
		16BDB5B818E8FACB0019DF4D /* Resources */ = {
			isa = PBXResourcesBuildPhase;
			buildActionMask = 2147483647;
			files = (
				16BDB5FA18E902030019DF4D /* File in Resources */,
				16BDB61A18E913120019DF4D /* WSMeStoryboard.storyboard in Resources */,
				16BDB61218E912DA0019DF4D /* WSHotStoryboard.storyboard in Resources */,
				16BDB5C818E8FACB0019DF4D /* InfoPlist.strings in Resources */,
				16BDB5FD18E902030019DF4D /* File in Resources */,
				16BDB5FC18E902030019DF4D /* File in Resources */,
				16BDB62718E943BD0019DF4D /* WSLeftStoryboard.storyboard in Resources */,
				16BDB5FE18E902030019DF4D /* File in Resources */,
				16BDB5D018E8FACB0019DF4D /* Images.xcassets in Resources */,
				16BDB5F918E902030019DF4D /* File in Resources */,
				16BDB5FB18E902030019DF4D /* File in Resources */,
				16BDB61018E912A50019DF4D /* WSHomeStoryboard.storyboard in Resources */,
				16BDB5FF18E902030019DF4D /* File in Resources */,
			);
			runOnlyForDeploymentPostprocessing = 0;
		};
		16BDB5D318E8FACB0019DF4D /* Resources */ = {
			isa = PBXResourcesBuildPhase;
			buildActionMask = 2147483647;
			files = (
				16BDB5E118E8FACB0019DF4D /* InfoPlist.strings in Resources */,
			);
			runOnlyForDeploymentPostprocessing = 0;
		};
/* End PBXResourcesBuildPhase section */

/* Begin PBXShellScriptBuildPhase section */
		8DC4F7EE511B4B34BCBC305E /* Copy Pods Resources */ = {
			isa = PBXShellScriptBuildPhase;
			buildActionMask = 2147483647;
			files = (
			);
			inputPaths = (
			);
			name = "Copy Pods Resources";
			outputPaths = (
			);
			runOnlyForDeploymentPostprocessing = 0;
			shellPath = /bin/sh;
			shellScript = "\"${SRCROOT}/Pods/Pods-resources.sh\"\n";
			showEnvVarsInLog = 0;
		};
		E73DECEE69DC4D80B6B7DA9E /* Check Pods Manifest.lock */ = {
			isa = PBXShellScriptBuildPhase;
			buildActionMask = 2147483647;
			files = (
			);
			inputPaths = (
			);
			name = "Check Pods Manifest.lock";
			outputPaths = (
			);
			runOnlyForDeploymentPostprocessing = 0;
			shellPath = /bin/sh;
			shellScript = "diff \"${PODS_ROOT}/../Podfile.lock\" \"${PODS_ROOT}/Manifest.lock\" > /dev/null\nif [[ $? != 0 ]] ; then\n    cat << EOM\nerror: The sandbox is not in sync with the Podfile.lock. Run 'pod install' or update your CocoaPods installation.\nEOM\n    exit 1\nfi\n";
			showEnvVarsInLog = 0;
		};
/* End PBXShellScriptBuildPhase section */

/* Begin PBXSourcesBuildPhase section */
		16BDB5B618E8FACB0019DF4D /* Sources */ = {
			isa = PBXSourcesBuildPhase;
			buildActionMask = 2147483647;
			files = (
				16BDB62A18E943D70019DF4D /* WSLeftViewController.m in Sources */,
				16BDB5CE18E8FACB0019DF4D /* AppDelegate.m in Sources */,
				16BDB60618E907F10019DF4D /* WSBaseViewController.m in Sources */,
				16BDB5CA18E8FACB0019DF4D /* main.m in Sources */,
				16BDB60D18E908880019DF4D /* WSHomeViewController.m in Sources */,
				16BDB61D18E91A850019DF4D /* WSBaseNavigationController.m in Sources */,
				16BDB61818E913010019DF4D /* WSMeViewController.m in Sources */,
				16BDB62018E91E230019DF4D /* WSRootViewController.m in Sources */,
				16BDB61518E912EF0019DF4D /* WSHotViewController.m in Sources */,
			);
			runOnlyForDeploymentPostprocessing = 0;
		};
		16BDB5D118E8FACB0019DF4D /* Sources */ = {
			isa = PBXSourcesBuildPhase;
			buildActionMask = 2147483647;
			files = (
				16BDB5E318E8FACB0019DF4D /* WeSeeTests.m in Sources */,
			);
			runOnlyForDeploymentPostprocessing = 0;
		};
/* End PBXSourcesBuildPhase section */

/* Begin PBXTargetDependency section */
		16BDB5DB18E8FACB0019DF4D /* PBXTargetDependency */ = {
			isa = PBXTargetDependency;
			target = 16BDB5B918E8FACB0019DF4D /* WeSee */;
			targetProxy = 16BDB5DA18E8FACB0019DF4D /* PBXContainerItemProxy */;
		};
/* End PBXTargetDependency section */

/* Begin PBXVariantGroup section */
		16BDB5C618E8FACB0019DF4D /* InfoPlist.strings */ = {
			isa = PBXVariantGroup;
			children = (
				16BDB5C718E8FACB0019DF4D /* en */,
			);
			name = InfoPlist.strings;
			sourceTree = "<group>";
		};
		16BDB5DF18E8FACB0019DF4D /* InfoPlist.strings */ = {
			isa = PBXVariantGroup;
			children = (
				16BDB5E018E8FACB0019DF4D /* en */,
			);
			name = InfoPlist.strings;
			sourceTree = "<group>";
		};
/* End PBXVariantGroup section */

/* Begin XCBuildConfiguration section */
		16BDB5E418E8FACB0019DF4D /* Debug */ = {
			isa = XCBuildConfiguration;
			buildSettings = {
				ALWAYS_SEARCH_USER_PATHS = NO;
				CLANG_CXX_LANGUAGE_STANDARD = "gnu++0x";
				CLANG_CXX_LIBRARY = "libc++";
				CLANG_ENABLE_MODULES = YES;
				CLANG_ENABLE_OBJC_ARC = YES;
				CLANG_WARN_BOOL_CONVERSION = YES;
				CLANG_WARN_CONSTANT_CONVERSION = YES;
				CLANG_WARN_DIRECT_OBJC_ISA_USAGE = YES_ERROR;
				CLANG_WARN_EMPTY_BODY = YES;
				CLANG_WARN_ENUM_CONVERSION = YES;
				CLANG_WARN_INT_CONVERSION = YES;
				CLANG_WARN_OBJC_ROOT_CLASS = YES_ERROR;
				CLANG_WARN__DUPLICATE_METHOD_MATCH = YES;
				"CODE_SIGN_IDENTITY[sdk=iphoneos*]" = "iPhone Developer";
				COPY_PHASE_STRIP = NO;
				GCC_C_LANGUAGE_STANDARD = gnu99;
				GCC_DYNAMIC_NO_PIC = NO;
				GCC_OPTIMIZATION_LEVEL = 0;
				GCC_PREPROCESSOR_DEFINITIONS = (
					"DEBUG=1",
					"$(inherited)",
				);
				GCC_SYMBOLS_PRIVATE_EXTERN = NO;
				GCC_WARN_64_TO_32_BIT_CONVERSION = YES;
				GCC_WARN_ABOUT_RETURN_TYPE = YES_ERROR;
				GCC_WARN_UNDECLARED_SELECTOR = YES;
				GCC_WARN_UNINITIALIZED_AUTOS = YES_AGGRESSIVE;
				GCC_WARN_UNUSED_FUNCTION = YES;
				GCC_WARN_UNUSED_VARIABLE = YES;
				IPHONEOS_DEPLOYMENT_TARGET = 7.1;
				ONLY_ACTIVE_ARCH = YES;
				SDKROOT = iphoneos;
			};
			name = Debug;
		};
		16BDB5E518E8FACB0019DF4D /* Release */ = {
			isa = XCBuildConfiguration;
			buildSettings = {
				ALWAYS_SEARCH_USER_PATHS = NO;
				CLANG_CXX_LANGUAGE_STANDARD = "gnu++0x";
				CLANG_CXX_LIBRARY = "libc++";
				CLANG_ENABLE_MODULES = YES;
				CLANG_ENABLE_OBJC_ARC = YES;
				CLANG_WARN_BOOL_CONVERSION = YES;
				CLANG_WARN_CONSTANT_CONVERSION = YES;
				CLANG_WARN_DIRECT_OBJC_ISA_USAGE = YES_ERROR;
				CLANG_WARN_EMPTY_BODY = YES;
				CLANG_WARN_ENUM_CONVERSION = YES;
				CLANG_WARN_INT_CONVERSION = YES;
				CLANG_WARN_OBJC_ROOT_CLASS = YES_ERROR;
				CLANG_WARN__DUPLICATE_METHOD_MATCH = YES;
				"CODE_SIGN_IDENTITY[sdk=iphoneos*]" = "iPhone Developer";
				COPY_PHASE_STRIP = YES;
				ENABLE_NS_ASSERTIONS = NO;
				GCC_C_LANGUAGE_STANDARD = gnu99;
				GCC_WARN_64_TO_32_BIT_CONVERSION = YES;
				GCC_WARN_ABOUT_RETURN_TYPE = YES_ERROR;
				GCC_WARN_UNDECLARED_SELECTOR = YES;
				GCC_WARN_UNINITIALIZED_AUTOS = YES_AGGRESSIVE;
				GCC_WARN_UNUSED_FUNCTION = YES;
				GCC_WARN_UNUSED_VARIABLE = YES;
				IPHONEOS_DEPLOYMENT_TARGET = 7.1;
				SDKROOT = iphoneos;
				VALIDATE_PRODUCT = YES;
			};
			name = Release;
		};
		16BDB5E718E8FACB0019DF4D /* Debug */ = {
			isa = XCBuildConfiguration;
			baseConfigurationReference = 634AA486C7794350AEA934A6 /* Pods.xcconfig */;
			buildSettings = {
				ASSETCATALOG_COMPILER_APPICON_NAME = AppIcon;
				ASSETCATALOG_COMPILER_LAUNCHIMAGE_NAME = LaunchImage;
				GCC_PRECOMPILE_PREFIX_HEADER = YES;
				GCC_PREFIX_HEADER = "WeSee/WeSee-Prefix.pch";
				INFOPLIST_FILE = "WeSee/WeSee-Info.plist";
				IPHONEOS_DEPLOYMENT_TARGET = 7.0;
				PRODUCT_NAME = "$(TARGET_NAME)";
				WRAPPER_EXTENSION = app;
			};
			name = Debug;
		};
		16BDB5E818E8FACB0019DF4D /* Release */ = {
			isa = XCBuildConfiguration;
			baseConfigurationReference = 634AA486C7794350AEA934A6 /* Pods.xcconfig */;
			buildSettings = {
				ASSETCATALOG_COMPILER_APPICON_NAME = AppIcon;
				ASSETCATALOG_COMPILER_LAUNCHIMAGE_NAME = LaunchImage;
				GCC_PRECOMPILE_PREFIX_HEADER = YES;
				GCC_PREFIX_HEADER = "WeSee/WeSee-Prefix.pch";
				INFOPLIST_FILE = "WeSee/WeSee-Info.plist";
				IPHONEOS_DEPLOYMENT_TARGET = 7.0;
				PRODUCT_NAME = "$(TARGET_NAME)";
				WRAPPER_EXTENSION = app;
			};
			name = Release;
		};
		16BDB5EA18E8FACB0019DF4D /* Debug */ = {
			isa = XCBuildConfiguration;
			buildSettings = {
				BUNDLE_LOADER = "$(BUILT_PRODUCTS_DIR)/WeSee.app/WeSee";
				FRAMEWORK_SEARCH_PATHS = (
					"$(SDKROOT)/Developer/Library/Frameworks",
					"$(inherited)",
					"$(DEVELOPER_FRAMEWORKS_DIR)",
				);
				GCC_PRECOMPILE_PREFIX_HEADER = YES;
				GCC_PREFIX_HEADER = "WeSee/WeSee-Prefix.pch";
				GCC_PREPROCESSOR_DEFINITIONS = (
					"DEBUG=1",
					"$(inherited)",
				);
				INFOPLIST_FILE = "WeSeeTests/WeSeeTests-Info.plist";
				PRODUCT_NAME = "$(TARGET_NAME)";
				TEST_HOST = "$(BUNDLE_LOADER)";
				WRAPPER_EXTENSION = xctest;
			};
			name = Debug;
		};
		16BDB5EB18E8FACB0019DF4D /* Release */ = {
			isa = XCBuildConfiguration;
			buildSettings = {
				BUNDLE_LOADER = "$(BUILT_PRODUCTS_DIR)/WeSee.app/WeSee";
				FRAMEWORK_SEARCH_PATHS = (
					"$(SDKROOT)/Developer/Library/Frameworks",
					"$(inherited)",
					"$(DEVELOPER_FRAMEWORKS_DIR)",
				);
				GCC_PRECOMPILE_PREFIX_HEADER = YES;
				GCC_PREFIX_HEADER = "WeSee/WeSee-Prefix.pch";
				INFOPLIST_FILE = "WeSeeTests/WeSeeTests-Info.plist";
				PRODUCT_NAME = "$(TARGET_NAME)";
				TEST_HOST = "$(BUNDLE_LOADER)";
				WRAPPER_EXTENSION = xctest;
			};
			name = Release;
		};
/* End XCBuildConfiguration section */

/* Begin XCConfigurationList section */
		16BDB5B518E8FACB0019DF4D /* Build configuration list for PBXProject "WeSee" */ = {
			isa = XCConfigurationList;
			buildConfigurations = (
				16BDB5E418E8FACB0019DF4D /* Debug */,
				16BDB5E518E8FACB0019DF4D /* Release */,
			);
			defaultConfigurationIsVisible = 0;
			defaultConfigurationName = Release;
		};
		16BDB5E618E8FACB0019DF4D /* Build configuration list for PBXNativeTarget "WeSee" */ = {
			isa = XCConfigurationList;
			buildConfigurations = (
				16BDB5E718E8FACB0019DF4D /* Debug */,
				16BDB5E818E8FACB0019DF4D /* Release */,
			);
			defaultConfigurationIsVisible = 0;
			defaultConfigurationName = Release;
		};
		16BDB5E918E8FACB0019DF4D /* Build configuration list for PBXNativeTarget "WeSeeTests" */ = {
			isa = XCConfigurationList;
			buildConfigurations = (
				16BDB5EA18E8FACB0019DF4D /* Debug */,
				16BDB5EB18E8FACB0019DF4D /* Release */,
			);
			defaultConfigurationIsVisible = 0;
			defaultConfigurationName = Release;
		};
/* End XCConfigurationList section */
	};
	rootObject = 16BDB5B218E8FACB0019DF4D /* Project object */;
}
